
Microsoft Visual Studio Solution File, Format Version 11.00
# Visual Studio 2010
Project("{8BC9CEB8-8B4A-11D0-8D11-00A0C91BC942}") = "ConvertPixelType", "ConvertPixelType\ConvertPixelType_VS2010.vcxproj", "{87DAAD8E-65C1-4B80-9B3C-32F310719AA2}"
EndProject
Project("{8BC9CEB8-8B4A-11D0-8D11-00A0C91BC942}") = "Grab_Callback", "Grab_Callback\Grab_Callback_VS2010.vcxproj", "{5766FB34-5E29-4881-A193-06A19E0DC70E}"
EndProject
Project("{8BC9CEB8-8B4A-11D0-8D11-00A0C91BC942}") = "MultiCast", "MultiCast\MultiCast_VS2010.vcxproj", "{06E0E35C-EA36-4518-932E-45BF723F7DD6}"
EndProject
Project("{8BC9CEB8-8B4A-11D0-8D11-00A0C91BC942}") = "ConnectSpecCamera", "ConnectSpecCamera\ConnectSpecCamera_VS2010.vcxproj", "{66CBAB26-AE63-4217-A877-1D2D5CC91130}"
EndProject
Project("{8BC9CEB8-8B4A-11D0-8D11-00A0C91BC942}") = "GrabImage", "GrabImage\GrabImage_VS2010.vcxproj", "{DB06545F-3846-42CF-B1F9-2FC51CFF9463}"
EndProject
Project("{8BC9CEB8-8B4A-11D0-8D11-00A0C91BC942}") = "ParametrizeCamera_LoadAndSave", "ParametrizeCamera_LoadAndSave\ParametrizeCamera_LoadAndSave_VS2010.vcxproj", "{10FE12DA-4FCA-4F1D-9836-AF121518F0C8}"
EndProject
Project("{8BC9CEB8-8B4A-11D0-8D11-00A0C91BC942}") = "ParametrizeCamera_FileAccess", "ParametrizeCamera_FileAccess\ParametrizeCamera_FileAccess_VS2010.vcxproj", "{33F55654-EA4E-49ED-BFA5-474DF723485B}"
EndProject
Project("{8BC9CEB8-8B4A-11D0-8D11-00A0C91BC942}") = "Events", "Events\Events_VS2010.vcxproj", "{CCABE474-D46F-4303-A145-984BE65B81E7}"
EndProject
Project("{8BC9CEB8-8B4A-11D0-8D11-00A0C91BC942}") = "ChunkData", "ChunkData\ChunkData_VS2010.vcxproj", "{79306063-678D-4D7B-99E0-EA198436156D}"
EndProject
Project("{8BC9CEB8-8B4A-11D0-8D11-00A0C91BC942}") = "DynamicallyLoadDLL", "DynamicallyLoadDLL\DynamicallyLoadDLL_VS2010.vcxproj", "{38A64D05-E573-4C10-A248-E2A1062D91AA}"
EndProject
Project("{8BC9CEB8-8B4A-11D0-8D11-00A0C91BC942}") = "Grab_ActionCommand", "Grab_ActionCommand\Grab_ActionCommand_VS2010.vcxproj", "{6483CA5C-9BCD-4C6B-88B8-4A4741E1F04B}"
EndProject
Project("{8BC9CEB8-8B4A-11D0-8D11-00A0C91BC942}") = "Recording", "Recording\Recording_VS2010.vcxproj", "{0F355E86-3FDC-4DFF-BCA0-8DD5925B448B}"
EndProject
Project("{8BC9CEB8-8B4A-11D0-8D11-00A0C91BC942}") = "GrabImage_Display", "GrabImage_Display\GrabImage_Display_VS2010.vcxproj", "{58F9DB78-919F-4D8F-BA2B-74B84A1111CA}"
EndProject
Project("{8BC9CEB8-8B4A-11D0-8D11-00A0C91BC942}") = "GrabStrategies", "GrabStrategies\GrabStrategies_VS2010.vcxproj", "{AC68F283-6614-4BED-BB25-0AC0915F8090}"
EndProject
Project("{8BC9CEB8-8B4A-11D0-8D11-00A0C91BC942}") = "HighBandwidthDecode", "HighBandwidthDecode\HighBandwidthDecode_VS2010.vcxproj", "{4944A3E8-B58E-41FB-97BB-598438EFBC01}"
EndProject
Project("{8BC9CEB8-8B4A-11D0-8D11-00A0C91BC942}") = "LensShadingCorrection", "LensShadingCorrection\LensShadingCorrection_VS2010.vcxproj", "{E1E89123-6009-4426-9F23-E108FAC9E94F}"
EndProject
Project("{8BC9CEB8-8B4A-11D0-8D11-00A0C91BC942}") = "ImageContrast", "ImageContrast\ImageContrast_VS2010.vcxproj", "{3C10944D-C939-458A-8A00-0C6D3B8BCACD}"
EndProject
Project("{8BC9CEB8-8B4A-11D0-8D11-00A0C91BC942}") = "ForceIPEx", "ForceIPEx\ForceIPEx_VS2010.vcxproj", "{C4050687-FA70-44CB-BE7F-52398F527D4C}"
EndProject
Project("{8BC9CEB8-8B4A-11D0-8D11-00A0C91BC942}") = "Grab_Asynchronous", "Grab_Asynchronous\Grab_Asynchronous_VS2010.vcxproj", "{F0DC4E25-87AF-455A-9DFC-CE06DFEE4DA1}"
EndProject
Project("{8BC9CEB8-8B4A-11D0-8D11-00A0C91BC942}") = "InterfaceDemo", "InterfaceDemo\InterfaceDemo_VS2010.vcxproj", "{178FBDCE-6FC1-40C4-ABD9-F075A05A9A0F}"
EndProject
Project("{8BC9CEB8-8B4A-11D0-8D11-00A0C91BC942}") = "InterfaceAndDeviceDemo", "InterfaceAndDeviceDemo\InterfaceAndDeviceDemo_VS2010.vcxproj", "{8257CF49-497F-49EE-9A3B-E8C869921146}"
EndProject
Project("{8BC9CEB8-8B4A-11D0-8D11-00A0C91BC942}") = "QuickSoftwareTrigger", "QuickSoftwareTrigger\QuickSoftwareTrigger_VS2010.vcxproj", "{C14A0240-88D1-4378-9A35-7E3BA6869C7F}"
EndProject
Project("{8BC9CEB8-8B4A-11D0-8D11-00A0C91BC942}") = "MultiLightCtrl_ImageStitching", "MultiLightCtrl_ImageStitching\MultiLightCtrl_ImageStitching_VS2010.vcxproj", "{0478CA3C-764A-4636-86C6-95514AF23CFE}"
EndProject
Project("{8BC9CEB8-8B4A-11D0-8D11-00A0C91BC942}") = "Events_Interface", "Events_Interface\Events_Interface_VS2010.vcxproj", "{E25EFC19-2E3B-45E5-9F18-E1D35B00A89D}"
EndProject
Project("{8BC9CEB8-8B4A-11D0-8D11-00A0C91BC942}") = "ImageSave", "ImageSave\ImageSave_VS2010.vcxproj", "{EF0D7365-8593-4690-8E63-7AAF8822F984}"
EndProject
Global
	GlobalSection(SolutionConfigurationPlatforms) = preSolution
		Debug|Win32 = Debug|Win32
		Debug|x64 = Debug|x64
		Release|Win32 = Release|Win32
		Release|x64 = Release|x64
	EndGlobalSection
	GlobalSection(ProjectConfigurationPlatforms) = postSolution
		{87DAAD8E-65C1-4B80-9B3C-32F310719AA2}.Debug|Win32.ActiveCfg = Debug|Win32
		{87DAAD8E-65C1-4B80-9B3C-32F310719AA2}.Debug|Win32.Build.0 = Debug|Win32
		{87DAAD8E-65C1-4B80-9B3C-32F310719AA2}.Debug|x64.ActiveCfg = Debug|x64
		{87DAAD8E-65C1-4B80-9B3C-32F310719AA2}.Debug|x64.Build.0 = Debug|x64
		{87DAAD8E-65C1-4B80-9B3C-32F310719AA2}.Release|Win32.ActiveCfg = Release|Win32
		{87DAAD8E-65C1-4B80-9B3C-32F310719AA2}.Release|Win32.Build.0 = Release|Win32
		{87DAAD8E-65C1-4B80-9B3C-32F310719AA2}.Release|x64.ActiveCfg = Release|x64
		{87DAAD8E-65C1-4B80-9B3C-32F310719AA2}.Release|x64.Build.0 = Release|x64
		{5766FB34-5E29-4881-A193-06A19E0DC70E}.Debug|Win32.ActiveCfg = Debug|Win32
		{5766FB34-5E29-4881-A193-06A19E0DC70E}.Debug|Win32.Build.0 = Debug|Win32
		{5766FB34-5E29-4881-A193-06A19E0DC70E}.Debug|x64.ActiveCfg = Debug|x64
		{5766FB34-5E29-4881-A193-06A19E0DC70E}.Debug|x64.Build.0 = Debug|x64
		{5766FB34-5E29-4881-A193-06A19E0DC70E}.Release|Win32.ActiveCfg = Release|Win32
		{5766FB34-5E29-4881-A193-06A19E0DC70E}.Release|Win32.Build.0 = Release|Win32
		{5766FB34-5E29-4881-A193-06A19E0DC70E}.Release|x64.ActiveCfg = Release|x64
		{5766FB34-5E29-4881-A193-06A19E0DC70E}.Release|x64.Build.0 = Release|x64
		{06E0E35C-EA36-4518-932E-45BF723F7DD6}.Debug|Win32.ActiveCfg = Debug|Win32
		{06E0E35C-EA36-4518-932E-45BF723F7DD6}.Debug|Win32.Build.0 = Debug|Win32
		{06E0E35C-EA36-4518-932E-45BF723F7DD6}.Debug|x64.ActiveCfg = Debug|x64
		{06E0E35C-EA36-4518-932E-45BF723F7DD6}.Debug|x64.Build.0 = Debug|x64
		{06E0E35C-EA36-4518-932E-45BF723F7DD6}.Release|Win32.ActiveCfg = Release|Win32
		{06E0E35C-EA36-4518-932E-45BF723F7DD6}.Release|Win32.Build.0 = Release|Win32
		{06E0E35C-EA36-4518-932E-45BF723F7DD6}.Release|x64.ActiveCfg = Release|x64
		{06E0E35C-EA36-4518-932E-45BF723F7DD6}.Release|x64.Build.0 = Release|x64
		{66CBAB26-AE63-4217-A877-1D2D5CC91130}.Debug|Win32.ActiveCfg = Debug|Win32
		{66CBAB26-AE63-4217-A877-1D2D5CC91130}.Debug|Win32.Build.0 = Debug|Win32
		{66CBAB26-AE63-4217-A877-1D2D5CC91130}.Debug|x64.ActiveCfg = Debug|x64
		{66CBAB26-AE63-4217-A877-1D2D5CC91130}.Debug|x64.Build.0 = Debug|x64
		{66CBAB26-AE63-4217-A877-1D2D5CC91130}.Release|Win32.ActiveCfg = Release|Win32
		{66CBAB26-AE63-4217-A877-1D2D5CC91130}.Release|Win32.Build.0 = Release|Win32
		{66CBAB26-AE63-4217-A877-1D2D5CC91130}.Release|x64.ActiveCfg = Release|x64
		{66CBAB26-AE63-4217-A877-1D2D5CC91130}.Release|x64.Build.0 = Release|x64
		{DB06545F-3846-42CF-B1F9-2FC51CFF9463}.Debug|Win32.ActiveCfg = Debug|Win32
		{DB06545F-3846-42CF-B1F9-2FC51CFF9463}.Debug|Win32.Build.0 = Debug|Win32
		{DB06545F-3846-42CF-B1F9-2FC51CFF9463}.Debug|x64.ActiveCfg = Debug|x64
		{DB06545F-3846-42CF-B1F9-2FC51CFF9463}.Debug|x64.Build.0 = Debug|x64
		{DB06545F-3846-42CF-B1F9-2FC51CFF9463}.Release|Win32.ActiveCfg = Release|Win32
		{DB06545F-3846-42CF-B1F9-2FC51CFF9463}.Release|Win32.Build.0 = Release|Win32
		{DB06545F-3846-42CF-B1F9-2FC51CFF9463}.Release|x64.ActiveCfg = Release|x64
		{DB06545F-3846-42CF-B1F9-2FC51CFF9463}.Release|x64.Build.0 = Release|x64
		{10FE12DA-4FCA-4F1D-9836-AF121518F0C8}.Debug|Win32.ActiveCfg = Debug|Win32
		{10FE12DA-4FCA-4F1D-9836-AF121518F0C8}.Debug|Win32.Build.0 = Debug|Win32
		{10FE12DA-4FCA-4F1D-9836-AF121518F0C8}.Debug|x64.ActiveCfg = Debug|x64
		{10FE12DA-4FCA-4F1D-9836-AF121518F0C8}.Debug|x64.Build.0 = Debug|x64
		{10FE12DA-4FCA-4F1D-9836-AF121518F0C8}.Release|Win32.ActiveCfg = Release|Win32
		{10FE12DA-4FCA-4F1D-9836-AF121518F0C8}.Release|Win32.Build.0 = Release|Win32
		{10FE12DA-4FCA-4F1D-9836-AF121518F0C8}.Release|x64.ActiveCfg = Release|x64
		{10FE12DA-4FCA-4F1D-9836-AF121518F0C8}.Release|x64.Build.0 = Release|x64
		{33F55654-EA4E-49ED-BFA5-474DF723485B}.Debug|Win32.ActiveCfg = Debug|Win32
		{33F55654-EA4E-49ED-BFA5-474DF723485B}.Debug|Win32.Build.0 = Debug|Win32
		{33F55654-EA4E-49ED-BFA5-474DF723485B}.Debug|x64.ActiveCfg = Debug|x64
		{33F55654-EA4E-49ED-BFA5-474DF723485B}.Debug|x64.Build.0 = Debug|x64
		{33F55654-EA4E-49ED-BFA5-474DF723485B}.Release|Win32.ActiveCfg = Release|Win32
		{33F55654-EA4E-49ED-BFA5-474DF723485B}.Release|Win32.Build.0 = Release|Win32
		{33F55654-EA4E-49ED-BFA5-474DF723485B}.Release|x64.ActiveCfg = Release|x64
		{33F55654-EA4E-49ED-BFA5-474DF723485B}.Release|x64.Build.0 = Release|x64
		{CCABE474-D46F-4303-A145-984BE65B81E7}.Debug|Win32.ActiveCfg = Debug|Win32
		{CCABE474-D46F-4303-A145-984BE65B81E7}.Debug|Win32.Build.0 = Debug|Win32
		{CCABE474-D46F-4303-A145-984BE65B81E7}.Debug|x64.ActiveCfg = Debug|x64
		{CCABE474-D46F-4303-A145-984BE65B81E7}.Debug|x64.Build.0 = Debug|x64
		{CCABE474-D46F-4303-A145-984BE65B81E7}.Release|Win32.ActiveCfg = Release|Win32
		{CCABE474-D46F-4303-A145-984BE65B81E7}.Release|Win32.Build.0 = Release|Win32
		{CCABE474-D46F-4303-A145-984BE65B81E7}.Release|x64.ActiveCfg = Release|x64
		{CCABE474-D46F-4303-A145-984BE65B81E7}.Release|x64.Build.0 = Release|x64
		{79306063-678D-4D7B-99E0-EA198436156D}.Debug|Win32.ActiveCfg = Debug|Win32
		{79306063-678D-4D7B-99E0-EA198436156D}.Debug|Win32.Build.0 = Debug|Win32
		{79306063-678D-4D7B-99E0-EA198436156D}.Debug|x64.ActiveCfg = Debug|x64
		{79306063-678D-4D7B-99E0-EA198436156D}.Debug|x64.Build.0 = Debug|x64
		{79306063-678D-4D7B-99E0-EA198436156D}.Release|Win32.ActiveCfg = Release|Win32
		{79306063-678D-4D7B-99E0-EA198436156D}.Release|Win32.Build.0 = Release|Win32
		{79306063-678D-4D7B-99E0-EA198436156D}.Release|x64.ActiveCfg = Release|x64
		{79306063-678D-4D7B-99E0-EA198436156D}.Release|x64.Build.0 = Release|x64
		{38A64D05-E573-4C10-A248-E2A1062D91AA}.Debug|Win32.ActiveCfg = Debug|Win32
		{38A64D05-E573-4C10-A248-E2A1062D91AA}.Debug|Win32.Build.0 = Debug|Win32
		{38A64D05-E573-4C10-A248-E2A1062D91AA}.Debug|x64.ActiveCfg = Debug|x64
		{38A64D05-E573-4C10-A248-E2A1062D91AA}.Debug|x64.Build.0 = Debug|x64
		{38A64D05-E573-4C10-A248-E2A1062D91AA}.Release|Win32.ActiveCfg = Release|Win32
		{38A64D05-E573-4C10-A248-E2A1062D91AA}.Release|Win32.Build.0 = Release|Win32
		{38A64D05-E573-4C10-A248-E2A1062D91AA}.Release|x64.ActiveCfg = Release|x64
		{38A64D05-E573-4C10-A248-E2A1062D91AA}.Release|x64.Build.0 = Release|x64
		{6483CA5C-9BCD-4C6B-88B8-4A4741E1F04B}.Debug|Win32.ActiveCfg = Debug|Win32
		{6483CA5C-9BCD-4C6B-88B8-4A4741E1F04B}.Debug|Win32.Build.0 = Debug|Win32
		{6483CA5C-9BCD-4C6B-88B8-4A4741E1F04B}.Debug|x64.ActiveCfg = Debug|x64
		{6483CA5C-9BCD-4C6B-88B8-4A4741E1F04B}.Debug|x64.Build.0 = Debug|x64
		{6483CA5C-9BCD-4C6B-88B8-4A4741E1F04B}.Release|Win32.ActiveCfg = Release|Win32
		{6483CA5C-9BCD-4C6B-88B8-4A4741E1F04B}.Release|Win32.Build.0 = Release|Win32
		{6483CA5C-9BCD-4C6B-88B8-4A4741E1F04B}.Release|x64.ActiveCfg = Release|x64
		{6483CA5C-9BCD-4C6B-88B8-4A4741E1F04B}.Release|x64.Build.0 = Release|x64
		{0F355E86-3FDC-4DFF-BCA0-8DD5925B448B}.Debug|Win32.ActiveCfg = Debug|Win32
		{0F355E86-3FDC-4DFF-BCA0-8DD5925B448B}.Debug|Win32.Build.0 = Debug|Win32
		{0F355E86-3FDC-4DFF-BCA0-8DD5925B448B}.Debug|x64.ActiveCfg = Debug|x64
		{0F355E86-3FDC-4DFF-BCA0-8DD5925B448B}.Debug|x64.Build.0 = Debug|x64
		{0F355E86-3FDC-4DFF-BCA0-8DD5925B448B}.Release|Win32.ActiveCfg = Release|Win32
		{0F355E86-3FDC-4DFF-BCA0-8DD5925B448B}.Release|Win32.Build.0 = Release|Win32
		{0F355E86-3FDC-4DFF-BCA0-8DD5925B448B}.Release|x64.ActiveCfg = Release|x64
		{0F355E86-3FDC-4DFF-BCA0-8DD5925B448B}.Release|x64.Build.0 = Release|x64
		{58F9DB78-919F-4D8F-BA2B-74B84A1111CA}.Debug|Win32.ActiveCfg = Debug|Win32
		{58F9DB78-919F-4D8F-BA2B-74B84A1111CA}.Debug|Win32.Build.0 = Debug|Win32
		{58F9DB78-919F-4D8F-BA2B-74B84A1111CA}.Debug|x64.ActiveCfg = Debug|x64
		{58F9DB78-919F-4D8F-BA2B-74B84A1111CA}.Debug|x64.Build.0 = Debug|x64
		{58F9DB78-919F-4D8F-BA2B-74B84A1111CA}.Release|Win32.ActiveCfg = Release|Win32
		{58F9DB78-919F-4D8F-BA2B-74B84A1111CA}.Release|Win32.Build.0 = Release|Win32
		{58F9DB78-919F-4D8F-BA2B-74B84A1111CA}.Release|x64.ActiveCfg = Release|x64
		{58F9DB78-919F-4D8F-BA2B-74B84A1111CA}.Release|x64.Build.0 = Release|x64
		{AC68F283-6614-4BED-BB25-0AC0915F8090}.Debug|Win32.ActiveCfg = Debug|Win32
		{AC68F283-6614-4BED-BB25-0AC0915F8090}.Debug|Win32.Build.0 = Debug|Win32
		{AC68F283-6614-4BED-BB25-0AC0915F8090}.Debug|x64.ActiveCfg = Debug|x64
		{AC68F283-6614-4BED-BB25-0AC0915F8090}.Debug|x64.Build.0 = Debug|x64
		{AC68F283-6614-4BED-BB25-0AC0915F8090}.Release|Win32.ActiveCfg = Release|Win32
		{AC68F283-6614-4BED-BB25-0AC0915F8090}.Release|Win32.Build.0 = Release|Win32
		{AC68F283-6614-4BED-BB25-0AC0915F8090}.Release|x64.ActiveCfg = Release|x64
		{AC68F283-6614-4BED-BB25-0AC0915F8090}.Release|x64.Build.0 = Release|x64
		{4944A3E8-B58E-41FB-97BB-598438EFBC01}.Debug|Win32.ActiveCfg = Debug|Win32
		{4944A3E8-B58E-41FB-97BB-598438EFBC01}.Debug|Win32.Build.0 = Debug|Win32
		{4944A3E8-B58E-41FB-97BB-598438EFBC01}.Debug|x64.ActiveCfg = Debug|x64
		{4944A3E8-B58E-41FB-97BB-598438EFBC01}.Debug|x64.Build.0 = Debug|x64
		{4944A3E8-B58E-41FB-97BB-598438EFBC01}.Release|Win32.ActiveCfg = Release|Win32
		{4944A3E8-B58E-41FB-97BB-598438EFBC01}.Release|Win32.Build.0 = Release|Win32
		{4944A3E8-B58E-41FB-97BB-598438EFBC01}.Release|x64.ActiveCfg = Release|x64
		{4944A3E8-B58E-41FB-97BB-598438EFBC01}.Release|x64.Build.0 = Release|x64
		{E1E89123-6009-4426-9F23-E108FAC9E94F}.Debug|Win32.ActiveCfg = Debug|Win32
		{E1E89123-6009-4426-9F23-E108FAC9E94F}.Debug|Win32.Build.0 = Debug|Win32
		{E1E89123-6009-4426-9F23-E108FAC9E94F}.Debug|x64.ActiveCfg = Debug|x64
		{E1E89123-6009-4426-9F23-E108FAC9E94F}.Debug|x64.Build.0 = Debug|x64
		{E1E89123-6009-4426-9F23-E108FAC9E94F}.Release|Win32.ActiveCfg = Release|Win32
		{E1E89123-6009-4426-9F23-E108FAC9E94F}.Release|Win32.Build.0 = Release|Win32
		{E1E89123-6009-4426-9F23-E108FAC9E94F}.Release|x64.ActiveCfg = Release|x64
		{E1E89123-6009-4426-9F23-E108FAC9E94F}.Release|x64.Build.0 = Release|x64
		{3C10944D-C939-458A-8A00-0C6D3B8BCACD}.Debug|Win32.ActiveCfg = Debug|Win32
		{3C10944D-C939-458A-8A00-0C6D3B8BCACD}.Debug|Win32.Build.0 = Debug|Win32
		{3C10944D-C939-458A-8A00-0C6D3B8BCACD}.Debug|x64.ActiveCfg = Debug|x64
		{3C10944D-C939-458A-8A00-0C6D3B8BCACD}.Debug|x64.Build.0 = Debug|x64
		{3C10944D-C939-458A-8A00-0C6D3B8BCACD}.Release|Win32.ActiveCfg = Release|Win32
		{3C10944D-C939-458A-8A00-0C6D3B8BCACD}.Release|Win32.Build.0 = Release|Win32
		{3C10944D-C939-458A-8A00-0C6D3B8BCACD}.Release|x64.ActiveCfg = Release|x64
		{3C10944D-C939-458A-8A00-0C6D3B8BCACD}.Release|x64.Build.0 = Release|x64
		{C4050687-FA70-44CB-BE7F-52398F527D4C}.Debug|Win32.ActiveCfg = Debug|Win32
		{C4050687-FA70-44CB-BE7F-52398F527D4C}.Debug|Win32.Build.0 = Debug|Win32
		{C4050687-FA70-44CB-BE7F-52398F527D4C}.Debug|x64.ActiveCfg = Debug|x64
		{C4050687-FA70-44CB-BE7F-52398F527D4C}.Debug|x64.Build.0 = Debug|x64
		{C4050687-FA70-44CB-BE7F-52398F527D4C}.Release|Win32.ActiveCfg = Release|Win32
		{C4050687-FA70-44CB-BE7F-52398F527D4C}.Release|Win32.Build.0 = Release|Win32
		{C4050687-FA70-44CB-BE7F-52398F527D4C}.Release|x64.ActiveCfg = Release|x64
		{C4050687-FA70-44CB-BE7F-52398F527D4C}.Release|x64.Build.0 = Release|x64
		{F0DC4E25-87AF-455A-9DFC-CE06DFEE4DA1}.Debug|Win32.ActiveCfg = Debug|Win32
		{F0DC4E25-87AF-455A-9DFC-CE06DFEE4DA1}.Debug|Win32.Build.0 = Debug|Win32
		{F0DC4E25-87AF-455A-9DFC-CE06DFEE4DA1}.Debug|x64.ActiveCfg = Debug|x64
		{F0DC4E25-87AF-455A-9DFC-CE06DFEE4DA1}.Debug|x64.Build.0 = Debug|x64
		{F0DC4E25-87AF-455A-9DFC-CE06DFEE4DA1}.Release|Win32.ActiveCfg = Release|Win32
		{F0DC4E25-87AF-455A-9DFC-CE06DFEE4DA1}.Release|Win32.Build.0 = Release|Win32
		{F0DC4E25-87AF-455A-9DFC-CE06DFEE4DA1}.Release|x64.ActiveCfg = Release|x64
		{F0DC4E25-87AF-455A-9DFC-CE06DFEE4DA1}.Release|x64.Build.0 = Release|x64
		{178FBDCE-6FC1-40C4-ABD9-F075A05A9A0F}.Debug|Win32.ActiveCfg = Debug|Win32
		{178FBDCE-6FC1-40C4-ABD9-F075A05A9A0F}.Debug|Win32.Build.0 = Debug|Win32
		{178FBDCE-6FC1-40C4-ABD9-F075A05A9A0F}.Debug|x64.ActiveCfg = Debug|x64
		{178FBDCE-6FC1-40C4-ABD9-F075A05A9A0F}.Debug|x64.Build.0 = Debug|x64
		{178FBDCE-6FC1-40C4-ABD9-F075A05A9A0F}.Release|Win32.ActiveCfg = Release|Win32
		{178FBDCE-6FC1-40C4-ABD9-F075A05A9A0F}.Release|Win32.Build.0 = Release|Win32
		{178FBDCE-6FC1-40C4-ABD9-F075A05A9A0F}.Release|x64.ActiveCfg = Release|x64
		{178FBDCE-6FC1-40C4-ABD9-F075A05A9A0F}.Release|x64.Build.0 = Release|x64
		{8257CF49-497F-49EE-9A3B-E8C869921146}.Debug|Win32.ActiveCfg = Debug|Win32
		{8257CF49-497F-49EE-9A3B-E8C869921146}.Debug|Win32.Build.0 = Debug|Win32
		{8257CF49-497F-49EE-9A3B-E8C869921146}.Debug|x64.ActiveCfg = Debug|x64
		{8257CF49-497F-49EE-9A3B-E8C869921146}.Debug|x64.Build.0 = Debug|x64
		{8257CF49-497F-49EE-9A3B-E8C869921146}.Release|Win32.ActiveCfg = Release|Win32
		{8257CF49-497F-49EE-9A3B-E8C869921146}.Release|Win32.Build.0 = Release|Win32
		{8257CF49-497F-49EE-9A3B-E8C869921146}.Release|x64.ActiveCfg = Release|x64
		{8257CF49-497F-49EE-9A3B-E8C869921146}.Release|x64.Build.0 = Release|x64
		{C14A0240-88D1-4378-9A35-7E3BA6869C7F}.Debug|Win32.ActiveCfg = Debug|Win32
		{C14A0240-88D1-4378-9A35-7E3BA6869C7F}.Debug|Win32.Build.0 = Debug|Win32
		{C14A0240-88D1-4378-9A35-7E3BA6869C7F}.Debug|x64.ActiveCfg = Debug|x64
		{C14A0240-88D1-4378-9A35-7E3BA6869C7F}.Debug|x64.Build.0 = Debug|x64
		{C14A0240-88D1-4378-9A35-7E3BA6869C7F}.Release|Win32.ActiveCfg = Release|Win32
		{C14A0240-88D1-4378-9A35-7E3BA6869C7F}.Release|Win32.Build.0 = Release|Win32
		{C14A0240-88D1-4378-9A35-7E3BA6869C7F}.Release|x64.ActiveCfg = Release|x64
		{C14A0240-88D1-4378-9A35-7E3BA6869C7F}.Release|x64.Build.0 = Release|x64
		{0478CA3C-764A-4636-86C6-95514AF23CFE}.Debug|Win32.ActiveCfg = Debug|Win32
		{0478CA3C-764A-4636-86C6-95514AF23CFE}.Debug|Win32.Build.0 = Debug|Win32
		{0478CA3C-764A-4636-86C6-95514AF23CFE}.Debug|x64.ActiveCfg = Debug|x64
		{0478CA3C-764A-4636-86C6-95514AF23CFE}.Debug|x64.Build.0 = Debug|x64
		{0478CA3C-764A-4636-86C6-95514AF23CFE}.Release|Win32.ActiveCfg = Release|Win32
		{0478CA3C-764A-4636-86C6-95514AF23CFE}.Release|Win32.Build.0 = Release|Win32
		{0478CA3C-764A-4636-86C6-95514AF23CFE}.Release|x64.ActiveCfg = Release|x64
		{0478CA3C-764A-4636-86C6-95514AF23CFE}.Release|x64.Build.0 = Release|x64
		{E25EFC19-2E3B-45E5-9F18-E1D35B00A89D}.Debug|Win32.ActiveCfg = Debug|Win32
		{E25EFC19-2E3B-45E5-9F18-E1D35B00A89D}.Debug|Win32.Build.0 = Debug|Win32
		{E25EFC19-2E3B-45E5-9F18-E1D35B00A89D}.Debug|x64.ActiveCfg = Debug|x64
		{E25EFC19-2E3B-45E5-9F18-E1D35B00A89D}.Debug|x64.Build.0 = Debug|x64
		{E25EFC19-2E3B-45E5-9F18-E1D35B00A89D}.Release|Win32.ActiveCfg = Release|Win32
		{E25EFC19-2E3B-45E5-9F18-E1D35B00A89D}.Release|Win32.Build.0 = Release|Win32
		{E25EFC19-2E3B-45E5-9F18-E1D35B00A89D}.Release|x64.ActiveCfg = Release|x64
		{E25EFC19-2E3B-45E5-9F18-E1D35B00A89D}.Release|x64.Build.0 = Release|x64
		{EF0D7365-8593-4690-8E63-7AAF8822F984}.Debug|Win32.ActiveCfg = Debug|Win32
		{EF0D7365-8593-4690-8E63-7AAF8822F984}.Debug|Win32.Build.0 = Debug|Win32
		{EF0D7365-8593-4690-8E63-7AAF8822F984}.Debug|x64.ActiveCfg = Debug|x64
		{EF0D7365-8593-4690-8E63-7AAF8822F984}.Debug|x64.Build.0 = Debug|x64
		{EF0D7365-8593-4690-8E63-7AAF8822F984}.Release|Win32.ActiveCfg = Release|Win32
		{EF0D7365-8593-4690-8E63-7AAF8822F984}.Release|Win32.Build.0 = Release|Win32
		{EF0D7365-8593-4690-8E63-7AAF8822F984}.Release|x64.ActiveCfg = Release|x64
		{EF0D7365-8593-4690-8E63-7AAF8822F984}.Release|x64.Build.0 = Release|x64
	EndGlobalSection
	GlobalSection(SolutionProperties) = preSolution
		HideSolutionNode = FALSE
	EndGlobalSection
EndGlobal
