
Microsoft Visual Studio Solution File, Format Version 12.00
# Visual Studio 14
VisualStudioVersion = 14.0.23107.0
MinimumVisualStudioVersion = 10.0.40219.1
Project("{8BC9CEB8-8B4A-11D0-8D11-00A0C91BC942}") = "ConvertPixelType", "ConvertPixelType\ConvertPixelType_VS2015.vcxproj", "{87DAAD8E-65C1-4B80-9B3C-32F310719AA2}"
EndProject
Project("{8BC9CEB8-8B4A-11D0-8D11-00A0C91BC942}") = "Grab_Callback", "Grab_Callback\Grab_Callback_VS2015.vcxproj", "{5766FB34-5E29-4881-A193-06A19E0DC70E}"
EndProject
Project("{8BC9CEB8-8B4A-11D0-8D11-00A0C91BC942}") = "MultiCast", "MultiCast\MultiCast_VS2015.vcxproj", "{06E0E35C-EA36-4518-932E-45BF723F7DD6}"
EndProject
Project("{8BC9CEB8-8B4A-11D0-8D11-00A0C91BC942}") = "ConnectSpecCamera", "ConnectSpecCamera\ConnectSpecCamera_VS2015.vcxproj", "{66CBAB26-AE63-4217-A877-1D2D5CC91130}"
EndProject
Project("{8BC9CEB8-8B4A-11D0-8D11-00A0C91BC942}") = "GrabImage", "GrabImage\GrabImage_VS2015.vcxproj", "{DB06545F-3846-42CF-B1F9-2FC51CFF9463}"
EndProject
Project("{8BC9CEB8-8B4A-11D0-8D11-00A0C91BC942}") = "ParametrizeCamera_LoadAndSave", "ParametrizeCamera_LoadAndSave\ParametrizeCamera_LoadAndSave_VS2015.vcxproj", "{10FE12DA-4FCA-4F1D-9836-AF121518F0C8}"
EndProject
Project("{8BC9CEB8-8B4A-11D0-8D11-00A0C91BC942}") = "ParametrizeCamera_FileAccess", "ParametrizeCamera_FileAccess\ParametrizeCamera_FileAccess_VS2015.vcxproj", "{33F55654-EA4E-49ED-BFA5-474DF723485B}"
EndProject
Project("{8BC9CEB8-8B4A-11D0-8D11-00A0C91BC942}") = "Events", "Events\Events_VS2015.vcxproj", "{CCABE474-D46F-4303-A145-984BE65B81E7}"
EndProject
Project("{8BC9CEB8-8B4A-11D0-8D11-00A0C91BC942}") = "ChunkData", "ChunkData\ChunkData_VS2015.vcxproj", "{45B5DB9F-383E-40E1-84A0-1C3D7AAAF0BC}"
EndProject
Project("{8BC9CEB8-8B4A-11D0-8D11-00A0C91BC942}") = "DynamicallyLoadDLL", "DynamicallyLoadDLL\DynamicallyLoadDLL_VS2015.vcxproj", "{8171B781-2758-4228-AB80-53802C13472B}"
EndProject
Project("{8BC9CEB8-8B4A-11D0-8D11-00A0C91BC942}") = "Grab_ActionCommand", "Grab_ActionCommand\Grab_ActionCommand_VS2015.vcxproj", "{87DBDF84-5645-4883-A92B-8A644CA8C7C6}"
EndProject
Project("{8BC9CEB8-8B4A-11D0-8D11-00A0C91BC942}") = "Recording", "Recording\Recording_VS2015.vcxproj", "{9F2478B1-0997-4357-8EA6-93057FD623BB}"
EndProject
Project("{8BC9CEB8-8B4A-11D0-8D11-00A0C91BC942}") = "GrabImage_Display", "GrabImage_Display\GrabImage_Display_VS2015.vcxproj", "{9CC9A54F-B27A-4FC3-8E5F-8EB4CB38FF0F}"
EndProject
Project("{8BC9CEB8-8B4A-11D0-8D11-00A0C91BC942}") = "GrabStrategies", "GrabStrategies\GrabStrategies_VS2015.vcxproj", "{24F7E1CC-DCD9-4D81-97CC-25E3BEC56245}"
EndProject
Project("{8BC9CEB8-8B4A-11D0-8D11-00A0C91BC942}") = "HighBandwidthDecode", "HighBandwidthDecode\HighBandwidthDecode_VS2015.vcxproj", "{A32FB763-B273-48F1-AF22-1473DE5C05A0}"
EndProject
Project("{8BC9CEB8-8B4A-11D0-8D11-00A0C91BC942}") = "LensShadingCorrection", "LensShadingCorrection\LensShadingCorrection_VS2015.vcxproj", "{2EBAB61B-E051-4CD0-9170-04F486EF933E}"
EndProject
Project("{8BC9CEB8-8B4A-11D0-8D11-00A0C91BC942}") = "ImageContrast", "ImageContrast\ImageContrast_VS2015.vcxproj", "{3C10944D-C939-458A-8A00-0C6D3B8BCACD}"
EndProject
Project("{8BC9CEB8-8B4A-11D0-8D11-00A0C91BC942}") = "ForceIPEx", "ForceIPEx\ForceIPEx_VS2015.vcxproj", "{C4050687-FA70-44CB-BE7F-52398F527D4C}"
EndProject
Project("{8BC9CEB8-8B4A-11D0-8D11-00A0C91BC942}") = "Grab_Asynchronous", "Grab_Asynchronous\Grab_Asynchronous_VS2015.vcxproj", "{F0DC4E25-87AF-455A-9DFC-CE06DFEE4DA1}"
EndProject
Project("{8BC9CEB8-8B4A-11D0-8D11-00A0C91BC942}") = "InterfaceDemo", "InterfaceDemo\InterfaceDemo_VS2015.vcxproj", "{178FBDCE-6FC1-40C4-ABD9-F075A05A9A0F}"
EndProject
Project("{8BC9CEB8-8B4A-11D0-8D11-00A0C91BC942}") = "InterfaceAndDeviceDemo", "InterfaceAndDeviceDemo\InterfaceAndDeviceDemo_VS2015.vcxproj", "{8257CF49-497F-49EE-9A3B-E8C869921146}"
EndProject
Project("{8BC9CEB8-8B4A-11D0-8D11-00A0C91BC942}") = "QuickSoftwareTrigger", "QuickSoftwareTrigger\QuickSoftwareTrigger_VS2015.vcxproj", "{C14A0240-88D1-4378-9A35-7E3BA6869C7F}"
EndProject
Project("{8BC9CEB8-8B4A-11D0-8D11-00A0C91BC942}") = "MultiLightCtrl_ImageStitching", "MultiLightCtrl_ImageStitching\MultiLightCtrl_ImageStitching_VS2015.vcxproj", "{1C6A866D-F4C3-4148-8E01-46FC3C088B0A}"
EndProject
Project("{8BC9CEB8-8B4A-11D0-8D11-00A0C91BC942}") = "ParametrizeCamera_LineScanIOSettings", "ParametrizeCamera_LineScanIOSettings\ParametrizeCamera_LineScanIOSettings_VS2015.vcxproj", "{2F4AE609-CF38-4EB2-B41B-F0B2426E4B0B}"
EndProject
Project("{8BC9CEB8-8B4A-11D0-8D11-00A0C91BC942}") = "Events_Interface", "Events_Interface\Events_Interface_VS2015.vcxproj", "{610D4D14-1FB9-4EBE-9666-76781D88EAD2}"
EndProject
Project("{8BC9CEB8-8B4A-11D0-8D11-00A0C91BC942}") = "ImageSave", "ImageSave\ImageSave_VS2015.vcxproj", "{42F92E1B-B73A-4EBD-B755-E40A41AE8B1A}"
EndProject
Global
	GlobalSection(SolutionConfigurationPlatforms) = preSolution
		Debug|Win32 = Debug|Win32
		Debug|x64 = Debug|x64
		Release|Win32 = Release|Win32
		Release|x64 = Release|x64
	EndGlobalSection
	GlobalSection(ProjectConfigurationPlatforms) = postSolution
		{87DAAD8E-65C1-4B80-9B3C-32F310719AA2}.Debug|Win32.ActiveCfg = Debug|Win32
		{87DAAD8E-65C1-4B80-9B3C-32F310719AA2}.Debug|Win32.Build.0 = Debug|Win32
		{87DAAD8E-65C1-4B80-9B3C-32F310719AA2}.Debug|x64.ActiveCfg = Debug|x64
		{87DAAD8E-65C1-4B80-9B3C-32F310719AA2}.Debug|x64.Build.0 = Debug|x64
		{87DAAD8E-65C1-4B80-9B3C-32F310719AA2}.Release|Win32.ActiveCfg = Release|Win32
		{87DAAD8E-65C1-4B80-9B3C-32F310719AA2}.Release|Win32.Build.0 = Release|Win32
		{87DAAD8E-65C1-4B80-9B3C-32F310719AA2}.Release|x64.ActiveCfg = Release|x64
		{87DAAD8E-65C1-4B80-9B3C-32F310719AA2}.Release|x64.Build.0 = Release|x64
		{5766FB34-5E29-4881-A193-06A19E0DC70E}.Debug|Win32.ActiveCfg = Debug|Win32
		{5766FB34-5E29-4881-A193-06A19E0DC70E}.Debug|Win32.Build.0 = Debug|Win32
		{5766FB34-5E29-4881-A193-06A19E0DC70E}.Debug|x64.ActiveCfg = Debug|x64
		{5766FB34-5E29-4881-A193-06A19E0DC70E}.Debug|x64.Build.0 = Debug|x64
		{5766FB34-5E29-4881-A193-06A19E0DC70E}.Release|Win32.ActiveCfg = Release|Win32
		{5766FB34-5E29-4881-A193-06A19E0DC70E}.Release|Win32.Build.0 = Release|Win32
		{5766FB34-5E29-4881-A193-06A19E0DC70E}.Release|x64.ActiveCfg = Release|x64
		{5766FB34-5E29-4881-A193-06A19E0DC70E}.Release|x64.Build.0 = Release|x64
		{06E0E35C-EA36-4518-932E-45BF723F7DD6}.Debug|Win32.ActiveCfg = Debug|Win32
		{06E0E35C-EA36-4518-932E-45BF723F7DD6}.Debug|Win32.Build.0 = Debug|Win32
		{06E0E35C-EA36-4518-932E-45BF723F7DD6}.Debug|x64.ActiveCfg = Debug|x64
		{06E0E35C-EA36-4518-932E-45BF723F7DD6}.Debug|x64.Build.0 = Debug|x64
		{06E0E35C-EA36-4518-932E-45BF723F7DD6}.Release|Win32.ActiveCfg = Release|Win32
		{06E0E35C-EA36-4518-932E-45BF723F7DD6}.Release|Win32.Build.0 = Release|Win32
		{06E0E35C-EA36-4518-932E-45BF723F7DD6}.Release|x64.ActiveCfg = Release|x64
		{06E0E35C-EA36-4518-932E-45BF723F7DD6}.Release|x64.Build.0 = Release|x64
		{66CBAB26-AE63-4217-A877-1D2D5CC91130}.Debug|Win32.ActiveCfg = Debug|Win32
		{66CBAB26-AE63-4217-A877-1D2D5CC91130}.Debug|Win32.Build.0 = Debug|Win32
		{66CBAB26-AE63-4217-A877-1D2D5CC91130}.Debug|x64.ActiveCfg = Debug|x64
		{66CBAB26-AE63-4217-A877-1D2D5CC91130}.Debug|x64.Build.0 = Debug|x64
		{66CBAB26-AE63-4217-A877-1D2D5CC91130}.Release|Win32.ActiveCfg = Release|Win32
		{66CBAB26-AE63-4217-A877-1D2D5CC91130}.Release|Win32.Build.0 = Release|Win32
		{66CBAB26-AE63-4217-A877-1D2D5CC91130}.Release|x64.ActiveCfg = Release|x64
		{66CBAB26-AE63-4217-A877-1D2D5CC91130}.Release|x64.Build.0 = Release|x64
		{DB06545F-3846-42CF-B1F9-2FC51CFF9463}.Debug|Win32.ActiveCfg = Debug|Win32
		{DB06545F-3846-42CF-B1F9-2FC51CFF9463}.Debug|Win32.Build.0 = Debug|Win32
		{DB06545F-3846-42CF-B1F9-2FC51CFF9463}.Debug|x64.ActiveCfg = Debug|x64
		{DB06545F-3846-42CF-B1F9-2FC51CFF9463}.Debug|x64.Build.0 = Debug|x64
		{DB06545F-3846-42CF-B1F9-2FC51CFF9463}.Release|Win32.ActiveCfg = Release|Win32
		{DB06545F-3846-42CF-B1F9-2FC51CFF9463}.Release|Win32.Build.0 = Release|Win32
		{DB06545F-3846-42CF-B1F9-2FC51CFF9463}.Release|x64.ActiveCfg = Release|x64
		{DB06545F-3846-42CF-B1F9-2FC51CFF9463}.Release|x64.Build.0 = Release|x64
		{10FE12DA-4FCA-4F1D-9836-AF121518F0C8}.Debug|Win32.ActiveCfg = Debug|Win32
		{10FE12DA-4FCA-4F1D-9836-AF121518F0C8}.Debug|Win32.Build.0 = Debug|Win32
		{10FE12DA-4FCA-4F1D-9836-AF121518F0C8}.Debug|x64.ActiveCfg = Debug|x64
		{10FE12DA-4FCA-4F1D-9836-AF121518F0C8}.Debug|x64.Build.0 = Debug|x64
		{10FE12DA-4FCA-4F1D-9836-AF121518F0C8}.Release|Win32.ActiveCfg = Release|Win32
		{10FE12DA-4FCA-4F1D-9836-AF121518F0C8}.Release|Win32.Build.0 = Release|Win32
		{10FE12DA-4FCA-4F1D-9836-AF121518F0C8}.Release|x64.ActiveCfg = Release|x64
		{10FE12DA-4FCA-4F1D-9836-AF121518F0C8}.Release|x64.Build.0 = Release|x64
		{33F55654-EA4E-49ED-BFA5-474DF723485B}.Debug|Win32.ActiveCfg = Debug|Win32
		{33F55654-EA4E-49ED-BFA5-474DF723485B}.Debug|Win32.Build.0 = Debug|Win32
		{33F55654-EA4E-49ED-BFA5-474DF723485B}.Debug|x64.ActiveCfg = Debug|x64
		{33F55654-EA4E-49ED-BFA5-474DF723485B}.Debug|x64.Build.0 = Debug|x64
		{33F55654-EA4E-49ED-BFA5-474DF723485B}.Release|Win32.ActiveCfg = Release|Win32
		{33F55654-EA4E-49ED-BFA5-474DF723485B}.Release|Win32.Build.0 = Release|Win32
		{33F55654-EA4E-49ED-BFA5-474DF723485B}.Release|x64.ActiveCfg = Release|x64
		{33F55654-EA4E-49ED-BFA5-474DF723485B}.Release|x64.Build.0 = Release|x64
		{CCABE474-D46F-4303-A145-984BE65B81E7}.Debug|Win32.ActiveCfg = Debug|Win32
		{CCABE474-D46F-4303-A145-984BE65B81E7}.Debug|Win32.Build.0 = Debug|Win32
		{CCABE474-D46F-4303-A145-984BE65B81E7}.Debug|x64.ActiveCfg = Debug|x64
		{CCABE474-D46F-4303-A145-984BE65B81E7}.Debug|x64.Build.0 = Debug|x64
		{CCABE474-D46F-4303-A145-984BE65B81E7}.Release|Win32.ActiveCfg = Release|Win32
		{CCABE474-D46F-4303-A145-984BE65B81E7}.Release|Win32.Build.0 = Release|Win32
		{CCABE474-D46F-4303-A145-984BE65B81E7}.Release|x64.ActiveCfg = Release|x64
		{CCABE474-D46F-4303-A145-984BE65B81E7}.Release|x64.Build.0 = Release|x64
		{45B5DB9F-383E-40E1-84A0-1C3D7AAAF0BC}.Debug|Win32.ActiveCfg = Debug|Win32
		{45B5DB9F-383E-40E1-84A0-1C3D7AAAF0BC}.Debug|Win32.Build.0 = Debug|Win32
		{45B5DB9F-383E-40E1-84A0-1C3D7AAAF0BC}.Debug|x64.ActiveCfg = Debug|x64
		{45B5DB9F-383E-40E1-84A0-1C3D7AAAF0BC}.Debug|x64.Build.0 = Debug|x64
		{45B5DB9F-383E-40E1-84A0-1C3D7AAAF0BC}.Release|Win32.ActiveCfg = Release|Win32
		{45B5DB9F-383E-40E1-84A0-1C3D7AAAF0BC}.Release|Win32.Build.0 = Release|Win32
		{45B5DB9F-383E-40E1-84A0-1C3D7AAAF0BC}.Release|x64.ActiveCfg = Release|x64
		{45B5DB9F-383E-40E1-84A0-1C3D7AAAF0BC}.Release|x64.Build.0 = Release|x64
		{8171B781-2758-4228-AB80-53802C13472B}.Debug|Win32.ActiveCfg = Debug|Win32
		{8171B781-2758-4228-AB80-53802C13472B}.Debug|Win32.Build.0 = Debug|Win32
		{8171B781-2758-4228-AB80-53802C13472B}.Debug|x64.ActiveCfg = Debug|x64
		{8171B781-2758-4228-AB80-53802C13472B}.Debug|x64.Build.0 = Debug|x64
		{8171B781-2758-4228-AB80-53802C13472B}.Release|Win32.ActiveCfg = Release|Win32
		{8171B781-2758-4228-AB80-53802C13472B}.Release|Win32.Build.0 = Release|Win32
		{8171B781-2758-4228-AB80-53802C13472B}.Release|x64.ActiveCfg = Release|x64
		{8171B781-2758-4228-AB80-53802C13472B}.Release|x64.Build.0 = Release|x64
		{87DBDF84-5645-4883-A92B-8A644CA8C7C6}.Debug|Win32.ActiveCfg = Debug|Win32
		{87DBDF84-5645-4883-A92B-8A644CA8C7C6}.Debug|Win32.Build.0 = Debug|Win32
		{87DBDF84-5645-4883-A92B-8A644CA8C7C6}.Debug|x64.ActiveCfg = Debug|x64
		{87DBDF84-5645-4883-A92B-8A644CA8C7C6}.Debug|x64.Build.0 = Debug|x64
		{87DBDF84-5645-4883-A92B-8A644CA8C7C6}.Release|Win32.ActiveCfg = Release|Win32
		{87DBDF84-5645-4883-A92B-8A644CA8C7C6}.Release|Win32.Build.0 = Release|Win32
		{87DBDF84-5645-4883-A92B-8A644CA8C7C6}.Release|x64.ActiveCfg = Release|x64
		{87DBDF84-5645-4883-A92B-8A644CA8C7C6}.Release|x64.Build.0 = Release|x64
		{9F2478B1-0997-4357-8EA6-93057FD623BB}.Debug|Win32.ActiveCfg = Debug|Win32
		{9F2478B1-0997-4357-8EA6-93057FD623BB}.Debug|Win32.Build.0 = Debug|Win32
		{9F2478B1-0997-4357-8EA6-93057FD623BB}.Debug|x64.ActiveCfg = Debug|x64
		{9F2478B1-0997-4357-8EA6-93057FD623BB}.Debug|x64.Build.0 = Debug|x64
		{9F2478B1-0997-4357-8EA6-93057FD623BB}.Release|Win32.ActiveCfg = Release|Win32
		{9F2478B1-0997-4357-8EA6-93057FD623BB}.Release|Win32.Build.0 = Release|Win32
		{9F2478B1-0997-4357-8EA6-93057FD623BB}.Release|x64.ActiveCfg = Release|x64
		{9F2478B1-0997-4357-8EA6-93057FD623BB}.Release|x64.Build.0 = Release|x64
		{9CC9A54F-B27A-4FC3-8E5F-8EB4CB38FF0F}.Debug|Win32.ActiveCfg = Debug|Win32
		{9CC9A54F-B27A-4FC3-8E5F-8EB4CB38FF0F}.Debug|Win32.Build.0 = Debug|Win32
		{9CC9A54F-B27A-4FC3-8E5F-8EB4CB38FF0F}.Debug|x64.ActiveCfg = Debug|x64
		{9CC9A54F-B27A-4FC3-8E5F-8EB4CB38FF0F}.Debug|x64.Build.0 = Debug|x64
		{9CC9A54F-B27A-4FC3-8E5F-8EB4CB38FF0F}.Release|Win32.ActiveCfg = Release|Win32
		{9CC9A54F-B27A-4FC3-8E5F-8EB4CB38FF0F}.Release|Win32.Build.0 = Release|Win32
		{9CC9A54F-B27A-4FC3-8E5F-8EB4CB38FF0F}.Release|x64.ActiveCfg = Release|x64
		{9CC9A54F-B27A-4FC3-8E5F-8EB4CB38FF0F}.Release|x64.Build.0 = Release|x64
		{24F7E1CC-DCD9-4D81-97CC-25E3BEC56245}.Debug|Win32.ActiveCfg = Debug|Win32
		{24F7E1CC-DCD9-4D81-97CC-25E3BEC56245}.Debug|Win32.Build.0 = Debug|Win32
		{24F7E1CC-DCD9-4D81-97CC-25E3BEC56245}.Debug|x64.ActiveCfg = Debug|x64
		{24F7E1CC-DCD9-4D81-97CC-25E3BEC56245}.Debug|x64.Build.0 = Debug|x64
		{24F7E1CC-DCD9-4D81-97CC-25E3BEC56245}.Release|Win32.ActiveCfg = Release|Win32
		{24F7E1CC-DCD9-4D81-97CC-25E3BEC56245}.Release|Win32.Build.0 = Release|Win32
		{24F7E1CC-DCD9-4D81-97CC-25E3BEC56245}.Release|x64.ActiveCfg = Release|x64
		{24F7E1CC-DCD9-4D81-97CC-25E3BEC56245}.Release|x64.Build.0 = Release|x64
		{A32FB763-B273-48F1-AF22-1473DE5C05A0}.Debug|Win32.ActiveCfg = Debug|Win32
		{A32FB763-B273-48F1-AF22-1473DE5C05A0}.Debug|Win32.Build.0 = Debug|Win32
		{A32FB763-B273-48F1-AF22-1473DE5C05A0}.Debug|x64.ActiveCfg = Debug|x64
		{A32FB763-B273-48F1-AF22-1473DE5C05A0}.Debug|x64.Build.0 = Debug|x64
		{A32FB763-B273-48F1-AF22-1473DE5C05A0}.Release|Win32.ActiveCfg = Release|Win32
		{A32FB763-B273-48F1-AF22-1473DE5C05A0}.Release|Win32.Build.0 = Release|Win32
		{A32FB763-B273-48F1-AF22-1473DE5C05A0}.Release|x64.ActiveCfg = Release|x64
		{A32FB763-B273-48F1-AF22-1473DE5C05A0}.Release|x64.Build.0 = Release|x64
		{2EBAB61B-E051-4CD0-9170-04F486EF933E}.Debug|Win32.ActiveCfg = Debug|Win32
		{2EBAB61B-E051-4CD0-9170-04F486EF933E}.Debug|Win32.Build.0 = Debug|Win32
		{2EBAB61B-E051-4CD0-9170-04F486EF933E}.Debug|x64.ActiveCfg = Debug|x64
		{2EBAB61B-E051-4CD0-9170-04F486EF933E}.Debug|x64.Build.0 = Debug|x64
		{2EBAB61B-E051-4CD0-9170-04F486EF933E}.Release|Win32.ActiveCfg = Release|Win32
		{2EBAB61B-E051-4CD0-9170-04F486EF933E}.Release|Win32.Build.0 = Release|Win32
		{2EBAB61B-E051-4CD0-9170-04F486EF933E}.Release|x64.ActiveCfg = Release|x64
		{2EBAB61B-E051-4CD0-9170-04F486EF933E}.Release|x64.Build.0 = Release|x64
		{3C10944D-C939-458A-8A00-0C6D3B8BCACD}.Debug|Win32.ActiveCfg = Debug|Win32
		{3C10944D-C939-458A-8A00-0C6D3B8BCACD}.Debug|Win32.Build.0 = Debug|Win32
		{3C10944D-C939-458A-8A00-0C6D3B8BCACD}.Debug|x64.ActiveCfg = Debug|x64
		{3C10944D-C939-458A-8A00-0C6D3B8BCACD}.Debug|x64.Build.0 = Debug|x64
		{3C10944D-C939-458A-8A00-0C6D3B8BCACD}.Release|Win32.ActiveCfg = Release|Win32
		{3C10944D-C939-458A-8A00-0C6D3B8BCACD}.Release|Win32.Build.0 = Release|Win32
		{3C10944D-C939-458A-8A00-0C6D3B8BCACD}.Release|x64.ActiveCfg = Release|x64
		{3C10944D-C939-458A-8A00-0C6D3B8BCACD}.Release|x64.Build.0 = Release|x64
		{C4050687-FA70-44CB-BE7F-52398F527D4C}.Debug|Win32.ActiveCfg = Debug|Win32
		{C4050687-FA70-44CB-BE7F-52398F527D4C}.Debug|Win32.Build.0 = Debug|Win32
		{C4050687-FA70-44CB-BE7F-52398F527D4C}.Debug|x64.ActiveCfg = Debug|x64
		{C4050687-FA70-44CB-BE7F-52398F527D4C}.Debug|x64.Build.0 = Debug|x64
		{C4050687-FA70-44CB-BE7F-52398F527D4C}.Release|Win32.ActiveCfg = Release|Win32
		{C4050687-FA70-44CB-BE7F-52398F527D4C}.Release|Win32.Build.0 = Release|Win32
		{C4050687-FA70-44CB-BE7F-52398F527D4C}.Release|x64.ActiveCfg = Release|x64
		{C4050687-FA70-44CB-BE7F-52398F527D4C}.Release|x64.Build.0 = Release|x64
		{F0DC4E25-87AF-455A-9DFC-CE06DFEE4DA1}.Debug|Win32.ActiveCfg = Debug|Win32
		{F0DC4E25-87AF-455A-9DFC-CE06DFEE4DA1}.Debug|Win32.Build.0 = Debug|Win32
		{F0DC4E25-87AF-455A-9DFC-CE06DFEE4DA1}.Debug|x64.ActiveCfg = Debug|x64
		{F0DC4E25-87AF-455A-9DFC-CE06DFEE4DA1}.Debug|x64.Build.0 = Debug|x64
		{F0DC4E25-87AF-455A-9DFC-CE06DFEE4DA1}.Release|Win32.ActiveCfg = Release|Win32
		{F0DC4E25-87AF-455A-9DFC-CE06DFEE4DA1}.Release|Win32.Build.0 = Release|Win32
		{F0DC4E25-87AF-455A-9DFC-CE06DFEE4DA1}.Release|x64.ActiveCfg = Release|x64
		{F0DC4E25-87AF-455A-9DFC-CE06DFEE4DA1}.Release|x64.Build.0 = Release|x64
		{178FBDCE-6FC1-40C4-ABD9-F075A05A9A0F}.Debug|Win32.ActiveCfg = Debug|Win32
		{178FBDCE-6FC1-40C4-ABD9-F075A05A9A0F}.Debug|Win32.Build.0 = Debug|Win32
		{178FBDCE-6FC1-40C4-ABD9-F075A05A9A0F}.Debug|x64.ActiveCfg = Debug|x64
		{178FBDCE-6FC1-40C4-ABD9-F075A05A9A0F}.Debug|x64.Build.0 = Debug|x64
		{178FBDCE-6FC1-40C4-ABD9-F075A05A9A0F}.Release|Win32.ActiveCfg = Release|Win32
		{178FBDCE-6FC1-40C4-ABD9-F075A05A9A0F}.Release|Win32.Build.0 = Release|Win32
		{178FBDCE-6FC1-40C4-ABD9-F075A05A9A0F}.Release|x64.ActiveCfg = Release|x64
		{178FBDCE-6FC1-40C4-ABD9-F075A05A9A0F}.Release|x64.Build.0 = Release|x64
		{8257CF49-497F-49EE-9A3B-E8C869921146}.Debug|Win32.ActiveCfg = Debug|Win32
		{8257CF49-497F-49EE-9A3B-E8C869921146}.Debug|Win32.Build.0 = Debug|Win32
		{8257CF49-497F-49EE-9A3B-E8C869921146}.Debug|x64.ActiveCfg = Debug|x64
		{8257CF49-497F-49EE-9A3B-E8C869921146}.Debug|x64.Build.0 = Debug|x64
		{8257CF49-497F-49EE-9A3B-E8C869921146}.Release|Win32.ActiveCfg = Release|Win32
		{8257CF49-497F-49EE-9A3B-E8C869921146}.Release|Win32.Build.0 = Release|Win32
		{8257CF49-497F-49EE-9A3B-E8C869921146}.Release|x64.ActiveCfg = Release|x64
		{8257CF49-497F-49EE-9A3B-E8C869921146}.Release|x64.Build.0 = Release|x64
		{C14A0240-88D1-4378-9A35-7E3BA6869C7F}.Debug|Win32.ActiveCfg = Debug|Win32
		{C14A0240-88D1-4378-9A35-7E3BA6869C7F}.Debug|Win32.Build.0 = Debug|Win32
		{C14A0240-88D1-4378-9A35-7E3BA6869C7F}.Debug|x64.ActiveCfg = Debug|x64
		{C14A0240-88D1-4378-9A35-7E3BA6869C7F}.Debug|x64.Build.0 = Debug|x64
		{C14A0240-88D1-4378-9A35-7E3BA6869C7F}.Release|Win32.ActiveCfg = Release|Win32
		{C14A0240-88D1-4378-9A35-7E3BA6869C7F}.Release|Win32.Build.0 = Release|Win32
		{C14A0240-88D1-4378-9A35-7E3BA6869C7F}.Release|x64.ActiveCfg = Release|x64
		{C14A0240-88D1-4378-9A35-7E3BA6869C7F}.Release|x64.Build.0 = Release|x64
		{1C6A866D-F4C3-4148-8E01-46FC3C088B0A}.Debug|Win32.ActiveCfg = Debug|Win32
		{1C6A866D-F4C3-4148-8E01-46FC3C088B0A}.Debug|Win32.Build.0 = Debug|Win32
		{1C6A866D-F4C3-4148-8E01-46FC3C088B0A}.Debug|x64.ActiveCfg = Debug|x64
		{1C6A866D-F4C3-4148-8E01-46FC3C088B0A}.Debug|x64.Build.0 = Debug|x64
		{1C6A866D-F4C3-4148-8E01-46FC3C088B0A}.Release|Win32.ActiveCfg = Release|Win32
		{1C6A866D-F4C3-4148-8E01-46FC3C088B0A}.Release|Win32.Build.0 = Release|Win32
		{1C6A866D-F4C3-4148-8E01-46FC3C088B0A}.Release|x64.ActiveCfg = Release|x64
		{1C6A866D-F4C3-4148-8E01-46FC3C088B0A}.Release|x64.Build.0 = Release|x64
		{2F4AE609-CF38-4EB2-B41B-F0B2426E4B0B}.Debug|Win32.ActiveCfg = Debug|Win32
		{2F4AE609-CF38-4EB2-B41B-F0B2426E4B0B}.Debug|Win32.Build.0 = Debug|Win32
		{2F4AE609-CF38-4EB2-B41B-F0B2426E4B0B}.Debug|x64.ActiveCfg = Debug|x64
		{2F4AE609-CF38-4EB2-B41B-F0B2426E4B0B}.Debug|x64.Build.0 = Debug|x64
		{2F4AE609-CF38-4EB2-B41B-F0B2426E4B0B}.Release|Win32.ActiveCfg = Release|Win32
		{2F4AE609-CF38-4EB2-B41B-F0B2426E4B0B}.Release|Win32.Build.0 = Release|Win32
		{2F4AE609-CF38-4EB2-B41B-F0B2426E4B0B}.Release|x64.ActiveCfg = Release|x64
		{2F4AE609-CF38-4EB2-B41B-F0B2426E4B0B}.Release|x64.Build.0 = Release|x64
		{610D4D14-1FB9-4EBE-9666-76781D88EAD2}.Debug|Win32.ActiveCfg = Debug|Win32
		{610D4D14-1FB9-4EBE-9666-76781D88EAD2}.Debug|Win32.Build.0 = Debug|Win32
		{610D4D14-1FB9-4EBE-9666-76781D88EAD2}.Debug|x64.ActiveCfg = Debug|x64
		{610D4D14-1FB9-4EBE-9666-76781D88EAD2}.Debug|x64.Build.0 = Debug|x64
		{610D4D14-1FB9-4EBE-9666-76781D88EAD2}.Release|Win32.ActiveCfg = Release|Win32
		{610D4D14-1FB9-4EBE-9666-76781D88EAD2}.Release|Win32.Build.0 = Release|Win32
		{610D4D14-1FB9-4EBE-9666-76781D88EAD2}.Release|x64.ActiveCfg = Release|x64
		{610D4D14-1FB9-4EBE-9666-76781D88EAD2}.Release|x64.Build.0 = Release|x64
		{42F92E1B-B73A-4EBD-B755-E40A41AE8B1A}.Debug|Win32.ActiveCfg = Debug|Win32
		{42F92E1B-B73A-4EBD-B755-E40A41AE8B1A}.Debug|Win32.Build.0 = Debug|Win32
		{42F92E1B-B73A-4EBD-B755-E40A41AE8B1A}.Debug|x64.ActiveCfg = Debug|x64
		{42F92E1B-B73A-4EBD-B755-E40A41AE8B1A}.Debug|x64.Build.0 = Debug|x64
		{42F92E1B-B73A-4EBD-B755-E40A41AE8B1A}.Release|Win32.ActiveCfg = Release|Win32
		{42F92E1B-B73A-4EBD-B755-E40A41AE8B1A}.Release|Win32.Build.0 = Release|Win32
		{42F92E1B-B73A-4EBD-B755-E40A41AE8B1A}.Release|x64.ActiveCfg = Release|x64
		{42F92E1B-B73A-4EBD-B755-E40A41AE8B1A}.Release|x64.Build.0 = Release|x64
	EndGlobalSection
	GlobalSection(SolutionProperties) = preSolution
		HideSolutionNode = FALSE
	EndGlobalSection
EndGlobal
