
Microsoft Visual Studio Solution File, Format Version 11.00
# Visual Studio 2010
Project("{FAE04EC0-301F-11D3-BF4B-00C04F79EFBC}") = "CameraLinkTrigger", "Trigger\CameraLinkTrigger\CameraLinkTrigger.csproj", "{484A8178-4718-4C7B-9752-5FEE591F2DA6}"
EndProject
Project("{FAE04EC0-301F-11D3-BF4B-00C04F79EFBC}") = "XoFTrigger", "Trigger\XoFTrigger\XoFTrigger.csproj", "{F351EB5D-891A-43B9-BB7C-7EBC92466FE4}"
EndProject
Project("{FAE04EC0-301F-11D3-BF4B-00C04F79EFBC}") = "FileAccess", "FileAccess\FileAccess.csproj", "{9246AA7F-D864-48CE-B6A9-376B0B953509}"
EndProject
Project("{FAE04EC0-301F-11D3-BF4B-00C04F79EFBC}") = "SetIOSignal", "SetIOSignal\SetIOSignal.csproj", "{00D29110-1424-42C0-9FCF-BCED8E16BC59}"
EndProject
Project("{FAE04EC0-301F-11D3-BF4B-00C04F79EFBC}") = "GrabImage", "GrabImage\GrabImage.csproj", "{5A20907B-257C-469C-BE5D-AFABA53B631C}"
EndProject
Project("{FAE04EC0-301F-11D3-BF4B-00C04F79EFBC}") = "ConvertPixelType", "ConvertPixelType\ConvertPixelType.csproj", "{4D0AE76C-C94C-40D4-BE69-1C2079C103E2}"
EndProject
Project("{FAE04EC0-301F-11D3-BF4B-00C04F79EFBC}") = "GrabImage_Callback", "GrabImage_Callback\GrabImage_Callback.csproj", "{0EF9F48E-F382-4198-B036-F43488CA0342}"
EndProject
Project("{FAE04EC0-301F-11D3-BF4B-00C04F79EFBC}") = "ChunkData", "ChunkData\ChunkData.csproj", "{8EC3D37A-3772-4E86-8ABE-46A7AC4D886C}"
EndProject
Project("{FAE04EC0-301F-11D3-BF4B-00C04F79EFBC}") = "Event", "Event\Event.csproj", "{1F84A0DB-54BC-4E02-993A-539D87EADEC1}"
EndProject
Project("{FAE04EC0-301F-11D3-BF4B-00C04F79EFBC}") = "GrabImage_UserBuffer", "GrabImage_UserBuffer\GrabImage_UserBuffer.csproj", "{AD1DBFBF-8D76-4E20-83CF-5E7EB552E683}"
EndProject
Project("{FAE04EC0-301F-11D3-BF4B-00C04F79EFBC}") = "FeatureSave", "FeatureSave\FeatureSave.csproj", "{3433A90E-2A96-4E48-9011-19B12C8FC3A5}"
EndProject
Project("{FAE04EC0-301F-11D3-BF4B-00C04F79EFBC}") = "HBDecode", "HBDecode\HBDecode.csproj", "{DE9E49EE-10ED-4FF6-BD9B-D9C9D7561122}"
EndProject
Global
	GlobalSection(SolutionConfigurationPlatforms) = preSolution
		Debug|Any CPU = Debug|Any CPU
		Debug|x64 = Debug|x64
		Debug|x86 = Debug|x86
		Release|Any CPU = Release|Any CPU
		Release|x64 = Release|x64
		Release|x86 = Release|x86
	EndGlobalSection
	GlobalSection(ProjectConfigurationPlatforms) = postSolution
		{484A8178-4718-4C7B-9752-5FEE591F2DA6}.Debug|Any CPU.ActiveCfg = Debug|Any CPU
		{484A8178-4718-4C7B-9752-5FEE591F2DA6}.Debug|Any CPU.Build.0 = Debug|Any CPU
		{484A8178-4718-4C7B-9752-5FEE591F2DA6}.Debug|x64.ActiveCfg = Debug|x64
		{484A8178-4718-4C7B-9752-5FEE591F2DA6}.Debug|x64.Build.0 = Debug|x64
		{484A8178-4718-4C7B-9752-5FEE591F2DA6}.Debug|x86.ActiveCfg = Debug|x86
		{484A8178-4718-4C7B-9752-5FEE591F2DA6}.Debug|x86.Build.0 = Debug|x86
		{484A8178-4718-4C7B-9752-5FEE591F2DA6}.Release|Any CPU.ActiveCfg = Release|Any CPU
		{484A8178-4718-4C7B-9752-5FEE591F2DA6}.Release|Any CPU.Build.0 = Release|Any CPU
		{484A8178-4718-4C7B-9752-5FEE591F2DA6}.Release|x64.ActiveCfg = Release|x64
		{484A8178-4718-4C7B-9752-5FEE591F2DA6}.Release|x64.Build.0 = Release|x64
		{484A8178-4718-4C7B-9752-5FEE591F2DA6}.Release|x86.ActiveCfg = Release|x86
		{484A8178-4718-4C7B-9752-5FEE591F2DA6}.Release|x86.Build.0 = Release|x86
		{F351EB5D-891A-43B9-BB7C-7EBC92466FE4}.Debug|Any CPU.ActiveCfg = Debug|Any CPU
		{F351EB5D-891A-43B9-BB7C-7EBC92466FE4}.Debug|Any CPU.Build.0 = Debug|Any CPU
		{F351EB5D-891A-43B9-BB7C-7EBC92466FE4}.Debug|x64.ActiveCfg = Debug|x64
		{F351EB5D-891A-43B9-BB7C-7EBC92466FE4}.Debug|x64.Build.0 = Debug|x64
		{F351EB5D-891A-43B9-BB7C-7EBC92466FE4}.Debug|x86.ActiveCfg = Debug|x86
		{F351EB5D-891A-43B9-BB7C-7EBC92466FE4}.Debug|x86.Build.0 = Debug|x86
		{F351EB5D-891A-43B9-BB7C-7EBC92466FE4}.Release|Any CPU.ActiveCfg = Release|Any CPU
		{F351EB5D-891A-43B9-BB7C-7EBC92466FE4}.Release|Any CPU.Build.0 = Release|Any CPU
		{F351EB5D-891A-43B9-BB7C-7EBC92466FE4}.Release|x64.ActiveCfg = Release|x64
		{F351EB5D-891A-43B9-BB7C-7EBC92466FE4}.Release|x64.Build.0 = Release|x64
		{F351EB5D-891A-43B9-BB7C-7EBC92466FE4}.Release|x86.ActiveCfg = Release|x86
		{F351EB5D-891A-43B9-BB7C-7EBC92466FE4}.Release|x86.Build.0 = Release|x86
		{9246AA7F-D864-48CE-B6A9-376B0B953509}.Debug|Any CPU.ActiveCfg = Debug|Any CPU
		{9246AA7F-D864-48CE-B6A9-376B0B953509}.Debug|Any CPU.Build.0 = Debug|Any CPU
		{9246AA7F-D864-48CE-B6A9-376B0B953509}.Debug|x64.ActiveCfg = Debug|x64
		{9246AA7F-D864-48CE-B6A9-376B0B953509}.Debug|x64.Build.0 = Debug|x64
		{9246AA7F-D864-48CE-B6A9-376B0B953509}.Debug|x86.ActiveCfg = Debug|x86
		{9246AA7F-D864-48CE-B6A9-376B0B953509}.Debug|x86.Build.0 = Debug|x86
		{9246AA7F-D864-48CE-B6A9-376B0B953509}.Release|Any CPU.ActiveCfg = Release|Any CPU
		{9246AA7F-D864-48CE-B6A9-376B0B953509}.Release|Any CPU.Build.0 = Release|Any CPU
		{9246AA7F-D864-48CE-B6A9-376B0B953509}.Release|x64.ActiveCfg = Release|x64
		{9246AA7F-D864-48CE-B6A9-376B0B953509}.Release|x64.Build.0 = Release|x64
		{9246AA7F-D864-48CE-B6A9-376B0B953509}.Release|x86.ActiveCfg = Release|x86
		{9246AA7F-D864-48CE-B6A9-376B0B953509}.Release|x86.Build.0 = Release|x86
		{00D29110-1424-42C0-9FCF-BCED8E16BC59}.Debug|Any CPU.ActiveCfg = Debug|Any CPU
		{00D29110-1424-42C0-9FCF-BCED8E16BC59}.Debug|Any CPU.Build.0 = Debug|Any CPU
		{00D29110-1424-42C0-9FCF-BCED8E16BC59}.Debug|x64.ActiveCfg = Debug|x64
		{00D29110-1424-42C0-9FCF-BCED8E16BC59}.Debug|x64.Build.0 = Debug|x64
		{00D29110-1424-42C0-9FCF-BCED8E16BC59}.Debug|x86.ActiveCfg = Debug|x86
		{00D29110-1424-42C0-9FCF-BCED8E16BC59}.Debug|x86.Build.0 = Debug|x86
		{00D29110-1424-42C0-9FCF-BCED8E16BC59}.Release|Any CPU.ActiveCfg = Release|Any CPU
		{00D29110-1424-42C0-9FCF-BCED8E16BC59}.Release|Any CPU.Build.0 = Release|Any CPU
		{00D29110-1424-42C0-9FCF-BCED8E16BC59}.Release|x64.ActiveCfg = Release|x64
		{00D29110-1424-42C0-9FCF-BCED8E16BC59}.Release|x64.Build.0 = Release|x64
		{00D29110-1424-42C0-9FCF-BCED8E16BC59}.Release|x86.ActiveCfg = Release|x86
		{00D29110-1424-42C0-9FCF-BCED8E16BC59}.Release|x86.Build.0 = Release|x86
		{5A20907B-257C-469C-BE5D-AFABA53B631C}.Debug|Any CPU.ActiveCfg = Debug|Any CPU
		{5A20907B-257C-469C-BE5D-AFABA53B631C}.Debug|Any CPU.Build.0 = Debug|Any CPU
		{5A20907B-257C-469C-BE5D-AFABA53B631C}.Debug|x64.ActiveCfg = Debug|x64
		{5A20907B-257C-469C-BE5D-AFABA53B631C}.Debug|x64.Build.0 = Debug|x64
		{5A20907B-257C-469C-BE5D-AFABA53B631C}.Debug|x86.ActiveCfg = Debug|x86
		{5A20907B-257C-469C-BE5D-AFABA53B631C}.Debug|x86.Build.0 = Debug|x86
		{5A20907B-257C-469C-BE5D-AFABA53B631C}.Release|Any CPU.ActiveCfg = Release|Any CPU
		{5A20907B-257C-469C-BE5D-AFABA53B631C}.Release|Any CPU.Build.0 = Release|Any CPU
		{5A20907B-257C-469C-BE5D-AFABA53B631C}.Release|x64.ActiveCfg = Release|x64
		{5A20907B-257C-469C-BE5D-AFABA53B631C}.Release|x64.Build.0 = Release|x64
		{5A20907B-257C-469C-BE5D-AFABA53B631C}.Release|x86.ActiveCfg = Release|x86
		{5A20907B-257C-469C-BE5D-AFABA53B631C}.Release|x86.Build.0 = Release|x86
		{4D0AE76C-C94C-40D4-BE69-1C2079C103E2}.Debug|Any CPU.ActiveCfg = Debug|Any CPU
		{4D0AE76C-C94C-40D4-BE69-1C2079C103E2}.Debug|Any CPU.Build.0 = Debug|Any CPU
		{4D0AE76C-C94C-40D4-BE69-1C2079C103E2}.Debug|x64.ActiveCfg = Debug|x64
		{4D0AE76C-C94C-40D4-BE69-1C2079C103E2}.Debug|x64.Build.0 = Debug|x64
		{4D0AE76C-C94C-40D4-BE69-1C2079C103E2}.Debug|x86.ActiveCfg = Debug|x86
		{4D0AE76C-C94C-40D4-BE69-1C2079C103E2}.Debug|x86.Build.0 = Debug|x86
		{4D0AE76C-C94C-40D4-BE69-1C2079C103E2}.Release|Any CPU.ActiveCfg = Release|Any CPU
		{4D0AE76C-C94C-40D4-BE69-1C2079C103E2}.Release|Any CPU.Build.0 = Release|Any CPU
		{4D0AE76C-C94C-40D4-BE69-1C2079C103E2}.Release|x64.ActiveCfg = Release|x64
		{4D0AE76C-C94C-40D4-BE69-1C2079C103E2}.Release|x64.Build.0 = Release|x64
		{4D0AE76C-C94C-40D4-BE69-1C2079C103E2}.Release|x86.ActiveCfg = Release|x86
		{4D0AE76C-C94C-40D4-BE69-1C2079C103E2}.Release|x86.Build.0 = Release|x86
		{0EF9F48E-F382-4198-B036-F43488CA0342}.Debug|Any CPU.ActiveCfg = Debug|Any CPU
		{0EF9F48E-F382-4198-B036-F43488CA0342}.Debug|Any CPU.Build.0 = Debug|Any CPU
		{0EF9F48E-F382-4198-B036-F43488CA0342}.Debug|x64.ActiveCfg = Debug|x64
		{0EF9F48E-F382-4198-B036-F43488CA0342}.Debug|x64.Build.0 = Debug|x64
		{0EF9F48E-F382-4198-B036-F43488CA0342}.Debug|x86.ActiveCfg = Debug|x86
		{0EF9F48E-F382-4198-B036-F43488CA0342}.Debug|x86.Build.0 = Debug|x86
		{0EF9F48E-F382-4198-B036-F43488CA0342}.Release|Any CPU.ActiveCfg = Release|Any CPU
		{0EF9F48E-F382-4198-B036-F43488CA0342}.Release|Any CPU.Build.0 = Release|Any CPU
		{0EF9F48E-F382-4198-B036-F43488CA0342}.Release|x64.ActiveCfg = Release|x64
		{0EF9F48E-F382-4198-B036-F43488CA0342}.Release|x64.Build.0 = Release|x64
		{0EF9F48E-F382-4198-B036-F43488CA0342}.Release|x86.ActiveCfg = Release|x86
		{0EF9F48E-F382-4198-B036-F43488CA0342}.Release|x86.Build.0 = Release|x86
		{8EC3D37A-3772-4E86-8ABE-46A7AC4D886C}.Debug|Any CPU.ActiveCfg = Debug|Any CPU
		{8EC3D37A-3772-4E86-8ABE-46A7AC4D886C}.Debug|Any CPU.Build.0 = Debug|Any CPU
		{8EC3D37A-3772-4E86-8ABE-46A7AC4D886C}.Debug|x64.ActiveCfg = Debug|x64
		{8EC3D37A-3772-4E86-8ABE-46A7AC4D886C}.Debug|x64.Build.0 = Debug|x64
		{8EC3D37A-3772-4E86-8ABE-46A7AC4D886C}.Debug|x86.ActiveCfg = Debug|x86
		{8EC3D37A-3772-4E86-8ABE-46A7AC4D886C}.Debug|x86.Build.0 = Debug|x86
		{8EC3D37A-3772-4E86-8ABE-46A7AC4D886C}.Release|Any CPU.ActiveCfg = Release|Any CPU
		{8EC3D37A-3772-4E86-8ABE-46A7AC4D886C}.Release|Any CPU.Build.0 = Release|Any CPU
		{8EC3D37A-3772-4E86-8ABE-46A7AC4D886C}.Release|x64.ActiveCfg = Release|x64
		{8EC3D37A-3772-4E86-8ABE-46A7AC4D886C}.Release|x64.Build.0 = Release|x64
		{8EC3D37A-3772-4E86-8ABE-46A7AC4D886C}.Release|x86.ActiveCfg = Release|x86
		{8EC3D37A-3772-4E86-8ABE-46A7AC4D886C}.Release|x86.Build.0 = Release|x86
		{1F84A0DB-54BC-4E02-993A-539D87EADEC1}.Debug|Any CPU.ActiveCfg = Debug|Any CPU
		{1F84A0DB-54BC-4E02-993A-539D87EADEC1}.Debug|Any CPU.Build.0 = Debug|Any CPU
		{1F84A0DB-54BC-4E02-993A-539D87EADEC1}.Debug|x64.ActiveCfg = Debug|x64
		{1F84A0DB-54BC-4E02-993A-539D87EADEC1}.Debug|x64.Build.0 = Debug|x64
		{1F84A0DB-54BC-4E02-993A-539D87EADEC1}.Debug|x86.ActiveCfg = Debug|x86
		{1F84A0DB-54BC-4E02-993A-539D87EADEC1}.Debug|x86.Build.0 = Debug|x86
		{1F84A0DB-54BC-4E02-993A-539D87EADEC1}.Release|Any CPU.ActiveCfg = Release|Any CPU
		{1F84A0DB-54BC-4E02-993A-539D87EADEC1}.Release|Any CPU.Build.0 = Release|Any CPU
		{1F84A0DB-54BC-4E02-993A-539D87EADEC1}.Release|x64.ActiveCfg = Release|x64
		{1F84A0DB-54BC-4E02-993A-539D87EADEC1}.Release|x64.Build.0 = Release|x64
		{1F84A0DB-54BC-4E02-993A-539D87EADEC1}.Release|x86.ActiveCfg = Release|x86
		{1F84A0DB-54BC-4E02-993A-539D87EADEC1}.Release|x86.Build.0 = Release|x86
		{AD1DBFBF-8D76-4E20-83CF-5E7EB552E683}.Debug|Any CPU.ActiveCfg = Debug|Any CPU
		{AD1DBFBF-8D76-4E20-83CF-5E7EB552E683}.Debug|Any CPU.Build.0 = Debug|Any CPU
		{AD1DBFBF-8D76-4E20-83CF-5E7EB552E683}.Debug|x64.ActiveCfg = Debug|x64
		{AD1DBFBF-8D76-4E20-83CF-5E7EB552E683}.Debug|x64.Build.0 = Debug|x64
		{AD1DBFBF-8D76-4E20-83CF-5E7EB552E683}.Debug|x86.ActiveCfg = Debug|x86
		{AD1DBFBF-8D76-4E20-83CF-5E7EB552E683}.Debug|x86.Build.0 = Debug|x86
		{AD1DBFBF-8D76-4E20-83CF-5E7EB552E683}.Release|Any CPU.ActiveCfg = Release|Any CPU
		{AD1DBFBF-8D76-4E20-83CF-5E7EB552E683}.Release|Any CPU.Build.0 = Release|Any CPU
		{AD1DBFBF-8D76-4E20-83CF-5E7EB552E683}.Release|x64.ActiveCfg = Release|x64
		{AD1DBFBF-8D76-4E20-83CF-5E7EB552E683}.Release|x64.Build.0 = Release|x64
		{AD1DBFBF-8D76-4E20-83CF-5E7EB552E683}.Release|x86.ActiveCfg = Release|x86
		{AD1DBFBF-8D76-4E20-83CF-5E7EB552E683}.Release|x86.Build.0 = Release|x86
		{3433A90E-2A96-4E48-9011-19B12C8FC3A5}.Debug|Any CPU.ActiveCfg = Debug|Any CPU
		{3433A90E-2A96-4E48-9011-19B12C8FC3A5}.Debug|Any CPU.Build.0 = Debug|Any CPU
		{3433A90E-2A96-4E48-9011-19B12C8FC3A5}.Debug|x64.ActiveCfg = Debug|x64
		{3433A90E-2A96-4E48-9011-19B12C8FC3A5}.Debug|x64.Build.0 = Debug|x64
		{3433A90E-2A96-4E48-9011-19B12C8FC3A5}.Debug|x86.ActiveCfg = Debug|x86
		{3433A90E-2A96-4E48-9011-19B12C8FC3A5}.Debug|x86.Build.0 = Debug|x86
		{3433A90E-2A96-4E48-9011-19B12C8FC3A5}.Release|Any CPU.ActiveCfg = Release|Any CPU
		{3433A90E-2A96-4E48-9011-19B12C8FC3A5}.Release|Any CPU.Build.0 = Release|Any CPU
		{3433A90E-2A96-4E48-9011-19B12C8FC3A5}.Release|x64.ActiveCfg = Release|x64
		{3433A90E-2A96-4E48-9011-19B12C8FC3A5}.Release|x64.Build.0 = Release|x64
		{3433A90E-2A96-4E48-9011-19B12C8FC3A5}.Release|x86.ActiveCfg = Release|x86
		{3433A90E-2A96-4E48-9011-19B12C8FC3A5}.Release|x86.Build.0 = Release|x86
		{DE9E49EE-10ED-4FF6-BD9B-D9C9D7561122}.Debug|Any CPU.ActiveCfg = Debug|Any CPU
		{DE9E49EE-10ED-4FF6-BD9B-D9C9D7561122}.Debug|Any CPU.Build.0 = Debug|Any CPU
		{DE9E49EE-10ED-4FF6-BD9B-D9C9D7561122}.Debug|x64.ActiveCfg = Debug|x64
		{DE9E49EE-10ED-4FF6-BD9B-D9C9D7561122}.Debug|x64.Build.0 = Debug|x64
		{DE9E49EE-10ED-4FF6-BD9B-D9C9D7561122}.Debug|x86.ActiveCfg = Debug|x86
		{DE9E49EE-10ED-4FF6-BD9B-D9C9D7561122}.Debug|x86.Build.0 = Debug|x86
		{DE9E49EE-10ED-4FF6-BD9B-D9C9D7561122}.Release|Any CPU.ActiveCfg = Release|Any CPU
		{DE9E49EE-10ED-4FF6-BD9B-D9C9D7561122}.Release|Any CPU.Build.0 = Release|Any CPU
		{DE9E49EE-10ED-4FF6-BD9B-D9C9D7561122}.Release|x64.ActiveCfg = Release|x64
		{DE9E49EE-10ED-4FF6-BD9B-D9C9D7561122}.Release|x64.Build.0 = Release|x64
		{DE9E49EE-10ED-4FF6-BD9B-D9C9D7561122}.Release|x86.ActiveCfg = Release|x86
		{DE9E49EE-10ED-4FF6-BD9B-D9C9D7561122}.Release|x86.Build.0 = Release|x86
	EndGlobalSection
	GlobalSection(SolutionProperties) = preSolution
		HideSolutionNode = FALSE
	EndGlobalSection
EndGlobal
