
Microsoft Visual Studio Solution File, Format Version 12.00
# Visual Studio 2013
VisualStudioVersion = 12.0.40629.0
MinimumVisualStudioVersion = 10.0.40219.1
Project("{8BC9CEB8-8B4A-11D0-8D11-00A0C91BC942}") = "FileAccess", "SimpleSamples\FileAccess\FileAccess_VS2013.vcxproj", "{BCCCAED5-9E7D-4D50-A5B8-B5632C546726}"
EndProject
Project("{8BC9CEB8-8B4A-11D0-8D11-00A0C91BC942}") = "SetIOSignal", "SimpleSamples\SetIOSignal\SetIOSignal_VS2013.vcxproj", "{C6A83D6E-A2DA-4CC5-99C1-EBB341FA2623}"
EndProject
Project("{8BC9CEB8-8B4A-11D0-8D11-00A0C91BC942}") = "CameraLinkTrigger", "SimpleSamples\Trigger\CameraLinkTrigger\CameraLinkTrigger_VS2013.vcxproj", "{390C5B54-45F7-4CAE-A838-172BFEB0FB13}"
EndProject
Project("{8BC9CEB8-8B4A-11D0-8D11-00A0C91BC942}") = "XoFTrigger", "SimpleSamples\Trigger\XoFTrigger\XoFTrigger_VS2013.vcxproj", "{6F70694F-8AC1-4CFC-A6BA-A39B9061095E}"
EndProject
Project("{8BC9CEB8-8B4A-11D0-8D11-00A0C91BC942}") = "BasicDemo", "BasicDemo\BasicDemo_VS2013.vcxproj", "{1966B1E2-5A37-4A38-8D1F-58B51E80739A}"
EndProject
Project("{8BC9CEB8-8B4A-11D0-8D11-00A0C91BC942}") = "MultipleCamera", "MultipleCamera\MultipleCamera_VS2013.vcxproj", "{F8DA25ED-BFF2-4D77-9A1C-5536165828D0}"
EndProject
Project("{8BC9CEB8-8B4A-11D0-8D11-00A0C91BC942}") = "ConvertPixelType", "SimpleSamples\ConvertPixelType\ConvertPixelType_VS2013.vcxproj", "{AA264961-BA73-422C-8948-5583C827E68C}"
EndProject
Project("{8BC9CEB8-8B4A-11D0-8D11-00A0C91BC942}") = "GrabImage_Callback", "SimpleSamples\GrabImage_Callback\GrabImage_Callback_VS2013.vcxproj", "{3D937E7B-CE4D-4559-9A7C-18B490C1698F}"
EndProject
Project("{8BC9CEB8-8B4A-11D0-8D11-00A0C91BC942}") = "GrabImage", "SimpleSamples\GrabImage\GrabImage_VS2013.vcxproj", "{699244E8-9B39-4C55-B3F8-4F9ACD750E34}"
EndProject
Project("{8BC9CEB8-8B4A-11D0-8D11-00A0C91BC942}") = "ChunkData", "SimpleSamples\ChunkData\ChunkData_VS2013.vcxproj", "{4D6D24A1-A134-4708-A33B-84539DCFA35D}"
EndProject
Project("{8BC9CEB8-8B4A-11D0-8D11-00A0C91BC942}") = "DynamicallyLoadDLL", "SimpleSamples\DynamicallyLoadDLL\DynamicallyLoadDLL_VS2013.vcxproj", "{4DDFDFC6-3A0C-4389-81E0-5FC690301E51}"
EndProject
Project("{8BC9CEB8-8B4A-11D0-8D11-00A0C91BC942}") = "GrabImage_UserBuffer", "SimpleSamples\GrabImage_UserBuffer\GrabImage_UserBuffer_VS2013.vcxproj", "{573B7171-0ABE-4123-A602-9FEA57B42147}"
EndProject
Project("{8BC9CEB8-8B4A-11D0-8D11-00A0C91BC942}") = "ReconnectDemo", "ReconnectDemo\ReconnectDemo_VS2013.vcxproj", "{8656C9A3-638B-45DE-ADD5-CD16C804DB69}"
EndProject
Project("{8BC9CEB8-8B4A-11D0-8D11-00A0C91BC942}") = "Event", "SimpleSamples\Event\Event_VS2013.vcxproj", "{57AFEC8C-2503-4A72-B145-C703D46863DE}"
EndProject
Project("{8BC9CEB8-8B4A-11D0-8D11-00A0C91BC942}") = "BasicDemoLineScan", "BasicDemoLineScan\BasicDemoLineScan_VS2013.vcxproj", "{9162DAB8-F7CD-4691-AB1E-7B98F7869492}"
EndProject
Project("{8BC9CEB8-8B4A-11D0-8D11-00A0C91BC942}") = "FeatureSave", "SimpleSamples\FeatureSave\FeatureSave_VS2013.vcxproj", "{2930B230-A3D5-4125-A39D-2957F2921A10}"
EndProject
Project("{8BC9CEB8-8B4A-11D0-8D11-00A0C91BC942}") = "HBDecode", "SimpleSamples\HBDecode\HBDecode_VS2013.vcxproj", "{9EAECC22-A74E-42CC-93CB-77365109F9D1}"
EndProject
Project("{8BC9CEB8-8B4A-11D0-8D11-00A0C91BC942}") = "MultiLightCtrlDemo", "MultiLightCtrlDemo\MultiLightCtrlDemo_VS2013.vcxproj", "{EECA31FA-1379-449B-B3D9-4C1717325677}"
EndProject
Project("{8BC9CEB8-8B4A-11D0-8D11-00A0C91BC942}") = "SeparateForCMLDemo", "SeparateForCMLDemo\SeparateForCMLDemo_VS2013.vcxproj", "{775CF9A0-D443-4AD1-854B-6320DF6E9A06}"
EndProject
Global
	GlobalSection(SolutionConfigurationPlatforms) = preSolution
		Debug|Win32 = Debug|Win32
		Debug|x64 = Debug|x64
		Release|Win32 = Release|Win32
		Release|x64 = Release|x64
	EndGlobalSection
	GlobalSection(ProjectConfigurationPlatforms) = postSolution
		{6F70694F-8AC1-4CFC-A6BA-A39B9061095E}.Debug|Win32.ActiveCfg = Debug|Win32
		{6F70694F-8AC1-4CFC-A6BA-A39B9061095E}.Debug|Win32.Build.0 = Debug|Win32
		{6F70694F-8AC1-4CFC-A6BA-A39B9061095E}.Debug|x64.ActiveCfg = Debug|x64
		{6F70694F-8AC1-4CFC-A6BA-A39B9061095E}.Debug|x64.Build.0 = Debug|x64
		{6F70694F-8AC1-4CFC-A6BA-A39B9061095E}.Release|Win32.ActiveCfg = Release|Win32
		{6F70694F-8AC1-4CFC-A6BA-A39B9061095E}.Release|Win32.Build.0 = Release|Win32
		{6F70694F-8AC1-4CFC-A6BA-A39B9061095E}.Release|x64.ActiveCfg = Release|x64
		{6F70694F-8AC1-4CFC-A6BA-A39B9061095E}.Release|x64.Build.0 = Release|x64
		{BCCCAED5-9E7D-4D50-A5B8-B5632C546726}.Debug|Win32.ActiveCfg = Debug|Win32
		{BCCCAED5-9E7D-4D50-A5B8-B5632C546726}.Debug|Win32.Build.0 = Debug|Win32
		{BCCCAED5-9E7D-4D50-A5B8-B5632C546726}.Debug|x64.ActiveCfg = Debug|x64
		{BCCCAED5-9E7D-4D50-A5B8-B5632C546726}.Debug|x64.Build.0 = Debug|x64
		{BCCCAED5-9E7D-4D50-A5B8-B5632C546726}.Release|Win32.ActiveCfg = Release|Win32
		{BCCCAED5-9E7D-4D50-A5B8-B5632C546726}.Release|Win32.Build.0 = Release|Win32
		{BCCCAED5-9E7D-4D50-A5B8-B5632C546726}.Release|x64.ActiveCfg = Release|x64
		{BCCCAED5-9E7D-4D50-A5B8-B5632C546726}.Release|x64.Build.0 = Release|x64
		{C6A83D6E-A2DA-4CC5-99C1-EBB341FA2623}.Debug|Win32.ActiveCfg = Debug|Win32
		{C6A83D6E-A2DA-4CC5-99C1-EBB341FA2623}.Debug|Win32.Build.0 = Debug|Win32
		{C6A83D6E-A2DA-4CC5-99C1-EBB341FA2623}.Debug|x64.ActiveCfg = Debug|x64
		{C6A83D6E-A2DA-4CC5-99C1-EBB341FA2623}.Debug|x64.Build.0 = Debug|x64
		{C6A83D6E-A2DA-4CC5-99C1-EBB341FA2623}.Release|Win32.ActiveCfg = Release|Win32
		{C6A83D6E-A2DA-4CC5-99C1-EBB341FA2623}.Release|Win32.Build.0 = Release|Win32
		{C6A83D6E-A2DA-4CC5-99C1-EBB341FA2623}.Release|x64.ActiveCfg = Release|x64
		{C6A83D6E-A2DA-4CC5-99C1-EBB341FA2623}.Release|x64.Build.0 = Release|x64
		{390C5B54-45F7-4CAE-A838-172BFEB0FB13}.Debug|Win32.ActiveCfg = Debug|Win32
		{390C5B54-45F7-4CAE-A838-172BFEB0FB13}.Debug|Win32.Build.0 = Debug|Win32
		{390C5B54-45F7-4CAE-A838-172BFEB0FB13}.Debug|x64.ActiveCfg = Debug|x64
		{390C5B54-45F7-4CAE-A838-172BFEB0FB13}.Debug|x64.Build.0 = Debug|x64
		{390C5B54-45F7-4CAE-A838-172BFEB0FB13}.Release|Win32.ActiveCfg = Release|Win32
		{390C5B54-45F7-4CAE-A838-172BFEB0FB13}.Release|Win32.Build.0 = Release|Win32
		{390C5B54-45F7-4CAE-A838-172BFEB0FB13}.Release|x64.ActiveCfg = Release|x64
		{390C5B54-45F7-4CAE-A838-172BFEB0FB13}.Release|x64.Build.0 = Release|x64
		{1966B1E2-5A37-4A38-8D1F-58B51E80739A}.Debug|Win32.ActiveCfg = Debug|Win32
		{1966B1E2-5A37-4A38-8D1F-58B51E80739A}.Debug|Win32.Build.0 = Debug|Win32
		{1966B1E2-5A37-4A38-8D1F-58B51E80739A}.Debug|x64.ActiveCfg = Debug|x64
		{1966B1E2-5A37-4A38-8D1F-58B51E80739A}.Debug|x64.Build.0 = Debug|x64
		{1966B1E2-5A37-4A38-8D1F-58B51E80739A}.Release|Win32.ActiveCfg = Release|Win32
		{1966B1E2-5A37-4A38-8D1F-58B51E80739A}.Release|Win32.Build.0 = Release|Win32
		{1966B1E2-5A37-4A38-8D1F-58B51E80739A}.Release|x64.ActiveCfg = Release|x64
		{1966B1E2-5A37-4A38-8D1F-58B51E80739A}.Release|x64.Build.0 = Release|x64
		{F8DA25ED-BFF2-4D77-9A1C-5536165828D0}.Debug|Win32.ActiveCfg = Debug|Win32
		{F8DA25ED-BFF2-4D77-9A1C-5536165828D0}.Debug|Win32.Build.0 = Debug|Win32
		{F8DA25ED-BFF2-4D77-9A1C-5536165828D0}.Debug|x64.ActiveCfg = Debug|x64
		{F8DA25ED-BFF2-4D77-9A1C-5536165828D0}.Debug|x64.Build.0 = Debug|x64
		{F8DA25ED-BFF2-4D77-9A1C-5536165828D0}.Release|Win32.ActiveCfg = Release|Win32
		{F8DA25ED-BFF2-4D77-9A1C-5536165828D0}.Release|Win32.Build.0 = Release|Win32
		{F8DA25ED-BFF2-4D77-9A1C-5536165828D0}.Release|x64.ActiveCfg = Release|x64
		{F8DA25ED-BFF2-4D77-9A1C-5536165828D0}.Release|x64.Build.0 = Release|x64
		{AA264961-BA73-422C-8948-5583C827E68C}.Debug|Win32.ActiveCfg = Debug|Win32
		{AA264961-BA73-422C-8948-5583C827E68C}.Debug|Win32.Build.0 = Debug|Win32
		{AA264961-BA73-422C-8948-5583C827E68C}.Debug|x64.ActiveCfg = Debug|x64
		{AA264961-BA73-422C-8948-5583C827E68C}.Debug|x64.Build.0 = Debug|x64
		{AA264961-BA73-422C-8948-5583C827E68C}.Release|Win32.ActiveCfg = Release|Win32
		{AA264961-BA73-422C-8948-5583C827E68C}.Release|Win32.Build.0 = Release|Win32
		{AA264961-BA73-422C-8948-5583C827E68C}.Release|x64.ActiveCfg = Release|x64
		{AA264961-BA73-422C-8948-5583C827E68C}.Release|x64.Build.0 = Release|x64
		{3D937E7B-CE4D-4559-9A7C-18B490C1698F}.Debug|Win32.ActiveCfg = Debug|Win32
		{3D937E7B-CE4D-4559-9A7C-18B490C1698F}.Debug|Win32.Build.0 = Debug|Win32
		{3D937E7B-CE4D-4559-9A7C-18B490C1698F}.Debug|x64.ActiveCfg = Debug|x64
		{3D937E7B-CE4D-4559-9A7C-18B490C1698F}.Debug|x64.Build.0 = Debug|x64
		{3D937E7B-CE4D-4559-9A7C-18B490C1698F}.Release|Win32.ActiveCfg = Release|Win32
		{3D937E7B-CE4D-4559-9A7C-18B490C1698F}.Release|Win32.Build.0 = Release|Win32
		{3D937E7B-CE4D-4559-9A7C-18B490C1698F}.Release|x64.ActiveCfg = Release|x64
		{3D937E7B-CE4D-4559-9A7C-18B490C1698F}.Release|x64.Build.0 = Release|x64
		{699244E8-9B39-4C55-B3F8-4F9ACD750E34}.Debug|Win32.ActiveCfg = Debug|Win32
		{699244E8-9B39-4C55-B3F8-4F9ACD750E34}.Debug|Win32.Build.0 = Debug|Win32
		{699244E8-9B39-4C55-B3F8-4F9ACD750E34}.Debug|x64.ActiveCfg = Debug|x64
		{699244E8-9B39-4C55-B3F8-4F9ACD750E34}.Debug|x64.Build.0 = Debug|x64
		{699244E8-9B39-4C55-B3F8-4F9ACD750E34}.Release|Win32.ActiveCfg = Release|Win32
		{699244E8-9B39-4C55-B3F8-4F9ACD750E34}.Release|Win32.Build.0 = Release|Win32
		{699244E8-9B39-4C55-B3F8-4F9ACD750E34}.Release|x64.ActiveCfg = Release|x64
		{699244E8-9B39-4C55-B3F8-4F9ACD750E34}.Release|x64.Build.0 = Release|x64
		{4D6D24A1-A134-4708-A33B-84539DCFA35D}.Debug|Win32.ActiveCfg = Debug|Win32
		{4D6D24A1-A134-4708-A33B-84539DCFA35D}.Debug|Win32.Build.0 = Debug|Win32
		{4D6D24A1-A134-4708-A33B-84539DCFA35D}.Debug|x64.ActiveCfg = Debug|x64
		{4D6D24A1-A134-4708-A33B-84539DCFA35D}.Debug|x64.Build.0 = Debug|x64
		{4D6D24A1-A134-4708-A33B-84539DCFA35D}.Release|Win32.ActiveCfg = Release|Win32
		{4D6D24A1-A134-4708-A33B-84539DCFA35D}.Release|Win32.Build.0 = Release|Win32
		{4D6D24A1-A134-4708-A33B-84539DCFA35D}.Release|x64.ActiveCfg = Release|x64
		{4D6D24A1-A134-4708-A33B-84539DCFA35D}.Release|x64.Build.0 = Release|x64
		{4DDFDFC6-3A0C-4389-81E0-5FC690301E51}.Debug|Win32.ActiveCfg = Debug|Win32
		{4DDFDFC6-3A0C-4389-81E0-5FC690301E51}.Debug|Win32.Build.0 = Debug|Win32
		{4DDFDFC6-3A0C-4389-81E0-5FC690301E51}.Debug|x64.ActiveCfg = Debug|x64
		{4DDFDFC6-3A0C-4389-81E0-5FC690301E51}.Debug|x64.Build.0 = Debug|x64
		{4DDFDFC6-3A0C-4389-81E0-5FC690301E51}.Release|Win32.ActiveCfg = Release|Win32
		{4DDFDFC6-3A0C-4389-81E0-5FC690301E51}.Release|Win32.Build.0 = Release|Win32
		{4DDFDFC6-3A0C-4389-81E0-5FC690301E51}.Release|x64.ActiveCfg = Release|x64
		{4DDFDFC6-3A0C-4389-81E0-5FC690301E51}.Release|x64.Build.0 = Release|x64
		{573B7171-0ABE-4123-A602-9FEA57B42147}.Debug|Win32.ActiveCfg = Debug|Win32
		{573B7171-0ABE-4123-A602-9FEA57B42147}.Debug|Win32.Build.0 = Debug|Win32
		{573B7171-0ABE-4123-A602-9FEA57B42147}.Debug|x64.ActiveCfg = Debug|x64
		{573B7171-0ABE-4123-A602-9FEA57B42147}.Debug|x64.Build.0 = Debug|x64
		{573B7171-0ABE-4123-A602-9FEA57B42147}.Release|Win32.ActiveCfg = Release|Win32
		{573B7171-0ABE-4123-A602-9FEA57B42147}.Release|Win32.Build.0 = Release|Win32
		{573B7171-0ABE-4123-A602-9FEA57B42147}.Release|x64.ActiveCfg = Release|x64
		{573B7171-0ABE-4123-A602-9FEA57B42147}.Release|x64.Build.0 = Release|x64
		{8656C9A3-638B-45DE-ADD5-CD16C804DB69}.Debug|Win32.ActiveCfg = Debug|Win32
		{8656C9A3-638B-45DE-ADD5-CD16C804DB69}.Debug|Win32.Build.0 = Debug|Win32
		{8656C9A3-638B-45DE-ADD5-CD16C804DB69}.Debug|x64.ActiveCfg = Debug|x64
		{8656C9A3-638B-45DE-ADD5-CD16C804DB69}.Debug|x64.Build.0 = Debug|x64
		{8656C9A3-638B-45DE-ADD5-CD16C804DB69}.Release|Win32.ActiveCfg = Release|Win32
		{8656C9A3-638B-45DE-ADD5-CD16C804DB69}.Release|Win32.Build.0 = Release|Win32
		{8656C9A3-638B-45DE-ADD5-CD16C804DB69}.Release|x64.ActiveCfg = Release|x64
		{8656C9A3-638B-45DE-ADD5-CD16C804DB69}.Release|x64.Build.0 = Release|x64
		{57AFEC8C-2503-4A72-B145-C703D46863DE}.Debug|Win32.ActiveCfg = Debug|Win32
		{57AFEC8C-2503-4A72-B145-C703D46863DE}.Debug|Win32.Build.0 = Debug|Win32
		{57AFEC8C-2503-4A72-B145-C703D46863DE}.Debug|x64.ActiveCfg = Debug|x64
		{57AFEC8C-2503-4A72-B145-C703D46863DE}.Debug|x64.Build.0 = Debug|x64
		{57AFEC8C-2503-4A72-B145-C703D46863DE}.Release|Win32.ActiveCfg = Release|Win32
		{57AFEC8C-2503-4A72-B145-C703D46863DE}.Release|Win32.Build.0 = Release|Win32
		{57AFEC8C-2503-4A72-B145-C703D46863DE}.Release|x64.ActiveCfg = Release|x64
		{57AFEC8C-2503-4A72-B145-C703D46863DE}.Release|x64.Build.0 = Release|x64
		{9162DAB8-F7CD-4691-AB1E-7B98F7869492}.Debug|Win32.ActiveCfg = Debug|Win32
		{9162DAB8-F7CD-4691-AB1E-7B98F7869492}.Debug|Win32.Build.0 = Debug|Win32
		{9162DAB8-F7CD-4691-AB1E-7B98F7869492}.Debug|x64.ActiveCfg = Debug|x64
		{9162DAB8-F7CD-4691-AB1E-7B98F7869492}.Debug|x64.Build.0 = Debug|x64
		{9162DAB8-F7CD-4691-AB1E-7B98F7869492}.Release|Win32.ActiveCfg = Release|Win32
		{9162DAB8-F7CD-4691-AB1E-7B98F7869492}.Release|Win32.Build.0 = Release|Win32
		{9162DAB8-F7CD-4691-AB1E-7B98F7869492}.Release|x64.ActiveCfg = Release|x64
		{9162DAB8-F7CD-4691-AB1E-7B98F7869492}.Release|x64.Build.0 = Release|x64
		{2930B230-A3D5-4125-A39D-2957F2921A10}.Debug|Win32.ActiveCfg = Debug|Win32
		{2930B230-A3D5-4125-A39D-2957F2921A10}.Debug|Win32.Build.0 = Debug|Win32
		{2930B230-A3D5-4125-A39D-2957F2921A10}.Debug|x64.ActiveCfg = Debug|x64
		{2930B230-A3D5-4125-A39D-2957F2921A10}.Debug|x64.Build.0 = Debug|x64
		{2930B230-A3D5-4125-A39D-2957F2921A10}.Release|Win32.ActiveCfg = Release|Win32
		{2930B230-A3D5-4125-A39D-2957F2921A10}.Release|Win32.Build.0 = Release|Win32
		{2930B230-A3D5-4125-A39D-2957F2921A10}.Release|x64.ActiveCfg = Release|x64
		{2930B230-A3D5-4125-A39D-2957F2921A10}.Release|x64.Build.0 = Release|x64
		{9EAECC22-A74E-42CC-93CB-77365109F9D1}.Debug|Win32.ActiveCfg = Debug|Win32
		{9EAECC22-A74E-42CC-93CB-77365109F9D1}.Debug|Win32.Build.0 = Debug|Win32
		{9EAECC22-A74E-42CC-93CB-77365109F9D1}.Debug|x64.ActiveCfg = Debug|x64
		{9EAECC22-A74E-42CC-93CB-77365109F9D1}.Debug|x64.Build.0 = Debug|x64
		{9EAECC22-A74E-42CC-93CB-77365109F9D1}.Release|Win32.ActiveCfg = Release|Win32
		{9EAECC22-A74E-42CC-93CB-77365109F9D1}.Release|Win32.Build.0 = Release|Win32
		{9EAECC22-A74E-42CC-93CB-77365109F9D1}.Release|x64.ActiveCfg = Release|x64
		{9EAECC22-A74E-42CC-93CB-77365109F9D1}.Release|x64.Build.0 = Release|x64
		{EECA31FA-1379-449B-B3D9-4C1717325677}.Debug|Win32.ActiveCfg = Debug|Win32
		{EECA31FA-1379-449B-B3D9-4C1717325677}.Debug|Win32.Build.0 = Debug|Win32
		{EECA31FA-1379-449B-B3D9-4C1717325677}.Debug|x64.ActiveCfg = Debug|x64
		{EECA31FA-1379-449B-B3D9-4C1717325677}.Debug|x64.Build.0 = Debug|x64
		{EECA31FA-1379-449B-B3D9-4C1717325677}.Release|Win32.ActiveCfg = Release|Win32
		{EECA31FA-1379-449B-B3D9-4C1717325677}.Release|Win32.Build.0 = Release|Win32
		{EECA31FA-1379-449B-B3D9-4C1717325677}.Release|x64.ActiveCfg = Release|x64
		{EECA31FA-1379-449B-B3D9-4C1717325677}.Release|x64.Build.0 = Release|x64
		{775CF9A0-D443-4AD1-854B-6320DF6E9A06}.Debug|Win32.ActiveCfg = Debug|Win32
		{775CF9A0-D443-4AD1-854B-6320DF6E9A06}.Debug|Win32.Build.0 = Debug|Win32
		{775CF9A0-D443-4AD1-854B-6320DF6E9A06}.Debug|x64.ActiveCfg = Debug|x64
		{775CF9A0-D443-4AD1-854B-6320DF6E9A06}.Debug|x64.Build.0 = Debug|x64
		{775CF9A0-D443-4AD1-854B-6320DF6E9A06}.Release|Win32.ActiveCfg = Release|Win32
		{775CF9A0-D443-4AD1-854B-6320DF6E9A06}.Release|Win32.Build.0 = Release|Win32
		{775CF9A0-D443-4AD1-854B-6320DF6E9A06}.Release|x64.ActiveCfg = Release|x64
		{775CF9A0-D443-4AD1-854B-6320DF6E9A06}.Release|x64.Build.0 = Release|x64
	EndGlobalSection
	GlobalSection(SolutionProperties) = preSolution
		HideSolutionNode = FALSE
	EndGlobalSection
EndGlobal
